// !$*UTF8*$!
{
	archiveVersion = 1;
	classes = {
	};
	objectVersion = 51;
	objects = {

/* Begin PBXBuildFile section */
		24E780EAC2C979C4EF44C2DD /* Pods_GreenTravel.framework in Frameworks */ = {isa = PBXBuildFile; fileRef = 91293A664C685F8723F00C87 /* Pods_GreenTravel.framework */; };
		5A0C84B62559C89600165D22 /* StoredRelatedItemUUID+CoreDataProperties.m in Sources */ = {isa = PBXBuildFile; fileRef = 5A0C84AD2559C89500165D22 /* StoredRelatedItemUUID+CoreDataProperties.m */; };
		5A0C84B72559C89600165D22 /* StoredCategoryUUIDToRelatedItemUUIDs+CoreDataClass.m in Sources */ = {isa = PBXBuildFile; fileRef = 5A0C84B32559C89600165D22 /* StoredCategoryUUIDToRelatedItemUUIDs+CoreDataClass.m */; };
		5A0C84B82559C89600165D22 /* StoredCategoryUUIDToRelatedItemUUIDs+CoreDataProperties.m in Sources */ = {isa = PBXBuildFile; fileRef = 5A0C84AE2559C89500165D22 /* StoredCategoryUUIDToRelatedItemUUIDs+CoreDataProperties.m */; };
		5A0C84B92559C89600165D22 /* StoredRelatedItemUUID+CoreDataClass.m in Sources */ = {isa = PBXBuildFile; fileRef = 5A0C84B42559C89600165D22 /* StoredRelatedItemUUID+CoreDataClass.m */; };
		5A0C84BD2559C93800165D22 /* StoredPlaceDetails+CoreDataClass.m in Sources */ = {isa = PBXBuildFile; fileRef = 5A0C84AA2559C89500165D22 /* StoredPlaceDetails+CoreDataClass.m */; };
		5A0C84C52559C93A00165D22 /* StoredPlaceDetails+CoreDataProperties.m in Sources */ = {isa = PBXBuildFile; fileRef = 5A0C84AB2559C89500165D22 /* StoredPlaceDetails+CoreDataProperties.m */; };
		5A0C84E82561CA9F00165D22 /* BannerView.m in Sources */ = {isa = PBXBuildFile; fileRef = 5A0C84E72561CA9F00165D22 /* BannerView.m */; };
		5A14824A24E7ED9100EBB756 /* AppDelegate.m in Sources */ = {isa = PBXBuildFile; fileRef = 5A14824924E7ED9100EBB756 /* AppDelegate.m */; };
		5A14824D24E7ED9100EBB756 /* SceneDelegate.m in Sources */ = {isa = PBXBuildFile; fileRef = 5A14824C24E7ED9100EBB756 /* SceneDelegate.m */; };
		5A14825024E7ED9100EBB756 /* ViewController.m in Sources */ = {isa = PBXBuildFile; fileRef = 5A14824F24E7ED9100EBB756 /* ViewController.m */; };
		5A14825624E7ED9100EBB756 /* GreenTravel.xcdatamodeld in Sources */ = {isa = PBXBuildFile; fileRef = 5A14825424E7ED9100EBB756 /* GreenTravel.xcdatamodeld */; };
		5A14825824E7ED9400EBB756 /* Assets.xcassets in Resources */ = {isa = PBXBuildFile; fileRef = 5A14825724E7ED9400EBB756 /* Assets.xcassets */; };
		5A14825B24E7ED9400EBB756 /* LaunchScreen.storyboard in Resources */ = {isa = PBXBuildFile; fileRef = 5A14825924E7ED9400EBB756 /* LaunchScreen.storyboard */; };
		5A14825E24E7ED9400EBB756 /* main.m in Sources */ = {isa = PBXBuildFile; fileRef = 5A14825D24E7ED9400EBB756 /* main.m */; };
		5A14826824E7ED9400EBB756 /* GreenTravelTests.m in Sources */ = {isa = PBXBuildFile; fileRef = 5A14826724E7ED9400EBB756 /* GreenTravelTests.m */; };
		5A14827324E7ED9400EBB756 /* GreenTravelUITests.m in Sources */ = {isa = PBXBuildFile; fileRef = 5A14827224E7ED9400EBB756 /* GreenTravelUITests.m */; };
		5A14828324E7F92300EBB756 /* Colors.m in Sources */ = {isa = PBXBuildFile; fileRef = 5A14828224E7F92300EBB756 /* Colors.m */; };
		5A14828A24E80E3900EBB756 /* MainViewController.m in Sources */ = {isa = PBXBuildFile; fileRef = 5A14828924E80E3900EBB756 /* MainViewController.m */; };
		5A14828D24E8101A00EBB756 /* IndexViewController.m in Sources */ = {isa = PBXBuildFile; fileRef = 5A14828C24E8101A00EBB756 /* IndexViewController.m */; };
		5A14829324E8103400EBB756 /* BookmarksViewController.m in Sources */ = {isa = PBXBuildFile; fileRef = 5A14829224E8103400EBB756 /* BookmarksViewController.m */; };
		5A14829624E812BF00EBB756 /* TextUtils.m in Sources */ = {isa = PBXBuildFile; fileRef = 5A14829524E812BF00EBB756 /* TextUtils.m */; };
		5A14829B24E9440C00EBB756 /* SearchViewController.m in Sources */ = {isa = PBXBuildFile; fileRef = 5A14829A24E9440C00EBB756 /* SearchViewController.m */; };
		5A14829E24E9501100EBB756 /* PlacesTableViewCell.m in Sources */ = {isa = PBXBuildFile; fileRef = 5A14829D24E9501100EBB756 /* PlacesTableViewCell.m */; };
		5A1482A124E9527700EBB756 /* PhotoCollectionViewCell.m in Sources */ = {isa = PBXBuildFile; fileRef = 5A1482A024E9527700EBB756 /* PhotoCollectionViewCell.m */; };
		5A1482BA24E9DD9000EBB756 /* Montserrat-Black.ttf in Resources */ = {isa = PBXBuildFile; fileRef = 5A1482A824E9DD8F00EBB756 /* Montserrat-Black.ttf */; };
		5A1482BB24E9DD9000EBB756 /* Montserrat-BlackItalic.ttf in Resources */ = {isa = PBXBuildFile; fileRef = 5A1482A924E9DD8F00EBB756 /* Montserrat-BlackItalic.ttf */; };
		5A1482BC24E9DD9000EBB756 /* Montserrat-Regular.ttf in Resources */ = {isa = PBXBuildFile; fileRef = 5A1482AA24E9DD8F00EBB756 /* Montserrat-Regular.ttf */; };
		5A1482BD24E9DD9000EBB756 /* Montserrat-SemiBoldItalic.ttf in Resources */ = {isa = PBXBuildFile; fileRef = 5A1482AB24E9DD8F00EBB756 /* Montserrat-SemiBoldItalic.ttf */; };
		5A1482BE24E9DD9000EBB756 /* Montserrat-Light.ttf in Resources */ = {isa = PBXBuildFile; fileRef = 5A1482AC24E9DD8F00EBB756 /* Montserrat-Light.ttf */; };
		5A1482BF24E9DD9000EBB756 /* Montserrat-Medium.ttf in Resources */ = {isa = PBXBuildFile; fileRef = 5A1482AD24E9DD8F00EBB756 /* Montserrat-Medium.ttf */; };
		5A1482C024E9DD9000EBB756 /* Montserrat-ExtraBoldItalic.ttf in Resources */ = {isa = PBXBuildFile; fileRef = 5A1482AE24E9DD8F00EBB756 /* Montserrat-ExtraBoldItalic.ttf */; };
		5A1482C124E9DD9000EBB756 /* Montserrat-Bold.ttf in Resources */ = {isa = PBXBuildFile; fileRef = 5A1482AF24E9DD8F00EBB756 /* Montserrat-Bold.ttf */; };
		5A1482C224E9DD9000EBB756 /* Montserrat-ExtraLight.ttf in Resources */ = {isa = PBXBuildFile; fileRef = 5A1482B024E9DD8F00EBB756 /* Montserrat-ExtraLight.ttf */; };
		5A1482C324E9DD9000EBB756 /* Montserrat-LightItalic.ttf in Resources */ = {isa = PBXBuildFile; fileRef = 5A1482B124E9DD8F00EBB756 /* Montserrat-LightItalic.ttf */; };
		5A1482C424E9DD9000EBB756 /* Montserrat-ExtraBold.ttf in Resources */ = {isa = PBXBuildFile; fileRef = 5A1482B224E9DD8F00EBB756 /* Montserrat-ExtraBold.ttf */; };
		5A1482C524E9DD9000EBB756 /* Montserrat-Italic.ttf in Resources */ = {isa = PBXBuildFile; fileRef = 5A1482B324E9DD8F00EBB756 /* Montserrat-Italic.ttf */; };
		5A1482C624E9DD9000EBB756 /* Montserrat-ExtraLightItalic.ttf in Resources */ = {isa = PBXBuildFile; fileRef = 5A1482B424E9DD8F00EBB756 /* Montserrat-ExtraLightItalic.ttf */; };
		5A1482C724E9DD9000EBB756 /* Montserrat-MediumItalic.ttf in Resources */ = {isa = PBXBuildFile; fileRef = 5A1482B524E9DD9000EBB756 /* Montserrat-MediumItalic.ttf */; };
		5A1482C824E9DD9000EBB756 /* Montserrat-Thin.ttf in Resources */ = {isa = PBXBuildFile; fileRef = 5A1482B624E9DD9000EBB756 /* Montserrat-Thin.ttf */; };
		5A1482C924E9DD9000EBB756 /* Montserrat-SemiBold.ttf in Resources */ = {isa = PBXBuildFile; fileRef = 5A1482B724E9DD9000EBB756 /* Montserrat-SemiBold.ttf */; };
		5A1482CA24E9DD9000EBB756 /* Montserrat-BoldItalic.ttf in Resources */ = {isa = PBXBuildFile; fileRef = 5A1482B824E9DD9000EBB756 /* Montserrat-BoldItalic.ttf */; };
		5A1482CB24E9DD9000EBB756 /* Montserrat-ThinItalic.ttf in Resources */ = {isa = PBXBuildFile; fileRef = 5A1482B924E9DD9000EBB756 /* Montserrat-ThinItalic.ttf */; };
		5A1482CE24EB091300EBB756 /* PlaceItem.m in Sources */ = {isa = PBXBuildFile; fileRef = 5A1482CD24EB091300EBB756 /* PlaceItem.m */; };
		5A1482D924EC617F00EBB756 /* OpenSans-ExtraBoldItalic.ttf in Resources */ = {isa = PBXBuildFile; fileRef = 5A1482CF24EC617E00EBB756 /* OpenSans-ExtraBoldItalic.ttf */; };
		5A1482DA24EC617F00EBB756 /* OpenSans-Italic.ttf in Resources */ = {isa = PBXBuildFile; fileRef = 5A1482D024EC617E00EBB756 /* OpenSans-Italic.ttf */; };
		5A1482DB24EC617F00EBB756 /* OpenSans-Light.ttf in Resources */ = {isa = PBXBuildFile; fileRef = 5A1482D124EC617E00EBB756 /* OpenSans-Light.ttf */; };
		5A1482DC24EC617F00EBB756 /* OpenSans-Regular.ttf in Resources */ = {isa = PBXBuildFile; fileRef = 5A1482D224EC617E00EBB756 /* OpenSans-Regular.ttf */; };
		5A1482DD24EC617F00EBB756 /* OpenSans-SemiBold.ttf in Resources */ = {isa = PBXBuildFile; fileRef = 5A1482D324EC617E00EBB756 /* OpenSans-SemiBold.ttf */; };
		5A1482DE24EC617F00EBB756 /* OpenSans-ExtraBold.ttf in Resources */ = {isa = PBXBuildFile; fileRef = 5A1482D424EC617E00EBB756 /* OpenSans-ExtraBold.ttf */; };
		5A1482DF24EC617F00EBB756 /* OpenSans-SemiBoldItalic.ttf in Resources */ = {isa = PBXBuildFile; fileRef = 5A1482D524EC617F00EBB756 /* OpenSans-SemiBoldItalic.ttf */; };
		5A1482E024EC617F00EBB756 /* OpenSans-BoldItalic.ttf in Resources */ = {isa = PBXBuildFile; fileRef = 5A1482D624EC617F00EBB756 /* OpenSans-BoldItalic.ttf */; };
		5A1482E124EC617F00EBB756 /* OpenSans-LightItalic.ttf in Resources */ = {isa = PBXBuildFile; fileRef = 5A1482D724EC617F00EBB756 /* OpenSans-LightItalic.ttf */; };
		5A1482E224EC617F00EBB756 /* OpenSans-Bold.ttf in Resources */ = {isa = PBXBuildFile; fileRef = 5A1482D824EC617F00EBB756 /* OpenSans-Bold.ttf */; };
		5A1482E624EC80FC00EBB756 /* DetailsViewController.m in Sources */ = {isa = PBXBuildFile; fileRef = 5A1482E524EC80FC00EBB756 /* DetailsViewController.m */; };
		5A1482E924EC8C2C00EBB756 /* PlacesViewController.m in Sources */ = {isa = PBXBuildFile; fileRef = 5A1482E824EC8C2C00EBB756 /* PlacesViewController.m */; };
		5A1482EC24EDC34C00EBB756 /* SizeUtils.m in Sources */ = {isa = PBXBuildFile; fileRef = 5A1482EB24EDC34C00EBB756 /* SizeUtils.m */; };
		5A1482EF24EDC8E500EBB756 /* StyleUtils.m in Sources */ = {isa = PBXBuildFile; fileRef = 5A1482EE24EDC8E500EBB756 /* StyleUtils.m */; };
		5A1482F224EF005300EBB756 /* BookmarkCell.m in Sources */ = {isa = PBXBuildFile; fileRef = 5A1482F124EF005300EBB756 /* BookmarkCell.m */; };
		5A1482F524F04B0B00EBB756 /* MapViewController.m in Sources */ = {isa = PBXBuildFile; fileRef = 5A1482F424F04B0B00EBB756 /* MapViewController.m */; };
		5A1482FB24F0717300EBB756 /* SearchCell.m in Sources */ = {isa = PBXBuildFile; fileRef = 5A1482FA24F0717300EBB756 /* SearchCell.m */; };
		5A14830124F129E900EBB756 /* SearchItem.m in Sources */ = {isa = PBXBuildFile; fileRef = 5A14830024F129E900EBB756 /* SearchItem.m */; };
		5A14830424F136B800EBB756 /* WeRecommendCell.m in Sources */ = {isa = PBXBuildFile; fileRef = 5A14830324F136B800EBB756 /* WeRecommendCell.m */; };
		5A14830924F3083E00EBB756 /* PlacesTableViewCellConstants.m in Sources */ = {isa = PBXBuildFile; fileRef = 5A14830824F3083D00EBB756 /* PlacesTableViewCellConstants.m */; };
		5A2EBDA72529EE040078AF72 /* StoredCategory+CoreDataClass.m in Sources */ = {isa = PBXBuildFile; fileRef = 5A2EBDA02529EE030078AF72 /* StoredCategory+CoreDataClass.m */; };
		5A2EBDA82529EE040078AF72 /* StoredPlaceItem+CoreDataClass.m in Sources */ = {isa = PBXBuildFile; fileRef = 5A2EBDA12529EE030078AF72 /* StoredPlaceItem+CoreDataClass.m */; };
		5A2EBDA92529EE040078AF72 /* StoredCategory+CoreDataProperties.m in Sources */ = {isa = PBXBuildFile; fileRef = 5A2EBDA32529EE040078AF72 /* StoredCategory+CoreDataProperties.m */; };
		5A2EBDAA2529EE040078AF72 /* StoredPlaceItem+CoreDataProperties.m in Sources */ = {isa = PBXBuildFile; fileRef = 5A2EBDA52529EE040078AF72 /* StoredPlaceItem+CoreDataProperties.m */; };
		5A324B7B24F6E3CB0044A671 /* Category.m in Sources */ = {isa = PBXBuildFile; fileRef = 5A324B7A24F6E3CB0044A671 /* Category.m */; };
		5A324B8124F70B490044A671 /* ApiService.m in Sources */ = {isa = PBXBuildFile; fileRef = 5A324B8024F70B490044A671 /* ApiService.m */; };
		5A324B8424F860420044A671 /* ImageUtils.m in Sources */ = {isa = PBXBuildFile; fileRef = 5A324B8324F860420044A671 /* ImageUtils.m */; };
		5A324B8A24FAB9780044A671 /* SearchModel.m in Sources */ = {isa = PBXBuildFile; fileRef = 5A324B8924FAB9780044A671 /* SearchModel.m */; };
		5A324B9124FB00A60044A671 /* MapModel.m in Sources */ = {isa = PBXBuildFile; fileRef = 5A324B9024FB00A60044A671 /* MapModel.m */; };
		5A324B9424FB00D70044A671 /* MapItem.m in Sources */ = {isa = PBXBuildFile; fileRef = 5A324B9324FB00D70044A671 /* MapItem.m */; };
		5A324B9924FBADDF0044A671 /* BookmarkItem.m in Sources */ = {isa = PBXBuildFile; fileRef = 5A324B9824FBADDF0044A671 /* BookmarkItem.m */; };
		5A324B9C24FBAEEB0044A671 /* BookmarksGroupModel.m in Sources */ = {isa = PBXBuildFile; fileRef = 5A324B9B24FBAEEB0044A671 /* BookmarksGroupModel.m */; };
		5A324B9F24FEF87B0044A671 /* LocationModel.m in Sources */ = {isa = PBXBuildFile; fileRef = 5A324B9E24FEF87B0044A671 /* LocationModel.m */; };
		5A5FB1E12517EAB800EBAA8E /* CategoryUtils.m in Sources */ = {isa = PBXBuildFile; fileRef = 5A5FB1E02517EAB800EBAA8E /* CategoryUtils.m */; };
		5A69921724F7DE51008FB47E /* IndexModel.m in Sources */ = {isa = PBXBuildFile; fileRef = 5A69921624F7DE51008FB47E /* IndexModel.m */; };
		5A69921A24F7DF63008FB47E /* PathItem.m in Sources */ = {isa = PBXBuildFile; fileRef = 5A69921924F7DF63008FB47E /* PathItem.m */; };
		5A69921D24F7E11F008FB47E /* PlaceDetails.m in Sources */ = {isa = PBXBuildFile; fileRef = 5A69921C24F7E11F008FB47E /* PlaceDetails.m */; };
		5A69922024F7E134008FB47E /* PathDetails.m in Sources */ = {isa = PBXBuildFile; fileRef = 5A69921F24F7E134008FB47E /* PathDetails.m */; };
		5AA75BFE2502D70900AE7331 /* MapPinView.m in Sources */ = {isa = PBXBuildFile; fileRef = 5AA75BFD2502D70900AE7331 /* MapPinView.m */; };
		5AA75C012504258300AE7331 /* DetailsModel.m in Sources */ = {isa = PBXBuildFile; fileRef = 5AA75C002504258300AE7331 /* DetailsModel.m */; };
		5AA75C082505196D00AE7331 /* CoreDataService.m in Sources */ = {isa = PBXBuildFile; fileRef = 5AA75C072505196D00AE7331 /* CoreDataService.m */; };
		5AEA97F92554A1FD0037A51D /* LinkedCategoriesView.m in Sources */ = {isa = PBXBuildFile; fileRef = 5AEA97F82554A1FD0037A51D /* LinkedCategoriesView.m */; };
		5AEA98042556A8AC0037A51D /* ApiServiceDataMapper.m in Sources */ = {isa = PBXBuildFile; fileRef = 5AEA98032556A8AC0037A51D /* ApiServiceDataMapper.m */; };
		5AEA980A2556C0FE0037A51D /* CategoryUUIDToRelatedItemUUIDs.m in Sources */ = {isa = PBXBuildFile; fileRef = 5AEA98092556C0FE0037A51D /* CategoryUUIDToRelatedItemUUIDs.m */; };
		5AEA98132556CD3F0037A51D /* CategoryLinkCell.m in Sources */ = {isa = PBXBuildFile; fileRef = 5AEA98122556CD3F0037A51D /* CategoryLinkCell.m */; };
		5AF2C68D253C589300B8B3BD /* StoredSearchItem+CoreDataClass.m in Sources */ = {isa = PBXBuildFile; fileRef = 5AF2C68B253C589300B8B3BD /* StoredSearchItem+CoreDataClass.m */; };
		5AF2C68E253C589300B8B3BD /* StoredSearchItem+CoreDataProperties.m in Sources */ = {isa = PBXBuildFile; fileRef = 5AF2C68C253C589300B8B3BD /* StoredSearchItem+CoreDataProperties.m */; };
/* End PBXBuildFile section */

/* Begin PBXContainerItemProxy section */
		5A14826424E7ED9400EBB756 /* PBXContainerItemProxy */ = {
			isa = PBXContainerItemProxy;
			containerPortal = 5A14823D24E7ED9000EBB756 /* Project object */;
			proxyType = 1;
			remoteGlobalIDString = 5A14824424E7ED9000EBB756;
			remoteInfo = GreenTravel;
		};
		5A14826F24E7ED9400EBB756 /* PBXContainerItemProxy */ = {
			isa = PBXContainerItemProxy;
			containerPortal = 5A14823D24E7ED9000EBB756 /* Project object */;
			proxyType = 1;
			remoteGlobalIDString = 5A14824424E7ED9000EBB756;
			remoteInfo = GreenTravel;
		};
/* End PBXContainerItemProxy section */

/* Begin PBXFileReference section */
		5A0C84AA2559C89500165D22 /* StoredPlaceDetails+CoreDataClass.m */ = {isa = PBXFileReference; lastKnownFileType = sourcecode.c.objc; path = "StoredPlaceDetails+CoreDataClass.m"; sourceTree = "<group>"; };
		5A0C84AB2559C89500165D22 /* StoredPlaceDetails+CoreDataProperties.m */ = {isa = PBXFileReference; lastKnownFileType = sourcecode.c.objc; path = "StoredPlaceDetails+CoreDataProperties.m"; sourceTree = "<group>"; };
		5A0C84AC2559C89500165D22 /* StoredCategoryUUIDToRelatedItemUUIDs+CoreDataProperties.h */ = {isa = PBXFileReference; lastKnownFileType = sourcecode.c.h; path = "StoredCategoryUUIDToRelatedItemUUIDs+CoreDataProperties.h"; sourceTree = "<group>"; };
		5A0C84AD2559C89500165D22 /* StoredRelatedItemUUID+CoreDataProperties.m */ = {isa = PBXFileReference; lastKnownFileType = sourcecode.c.objc; path = "StoredRelatedItemUUID+CoreDataProperties.m"; sourceTree = "<group>"; };
		5A0C84AE2559C89500165D22 /* StoredCategoryUUIDToRelatedItemUUIDs+CoreDataProperties.m */ = {isa = PBXFileReference; lastKnownFileType = sourcecode.c.objc; path = "StoredCategoryUUIDToRelatedItemUUIDs+CoreDataProperties.m"; sourceTree = "<group>"; };
		5A0C84AF2559C89600165D22 /* StoredRelatedItemUUID+CoreDataClass.h */ = {isa = PBXFileReference; lastKnownFileType = sourcecode.c.h; path = "StoredRelatedItemUUID+CoreDataClass.h"; sourceTree = "<group>"; };
		5A0C84B02559C89600165D22 /* StoredPlaceDetails+CoreDataClass.h */ = {isa = PBXFileReference; lastKnownFileType = sourcecode.c.h; path = "StoredPlaceDetails+CoreDataClass.h"; sourceTree = "<group>"; };
		5A0C84B12559C89600165D22 /* StoredRelatedItemUUID+CoreDataProperties.h */ = {isa = PBXFileReference; lastKnownFileType = sourcecode.c.h; path = "StoredRelatedItemUUID+CoreDataProperties.h"; sourceTree = "<group>"; };
		5A0C84B22559C89600165D22 /* StoredCategoryUUIDToRelatedItemUUIDs+CoreDataClass.h */ = {isa = PBXFileReference; lastKnownFileType = sourcecode.c.h; path = "StoredCategoryUUIDToRelatedItemUUIDs+CoreDataClass.h"; sourceTree = "<group>"; };
		5A0C84B32559C89600165D22 /* StoredCategoryUUIDToRelatedItemUUIDs+CoreDataClass.m */ = {isa = PBXFileReference; lastKnownFileType = sourcecode.c.objc; path = "StoredCategoryUUIDToRelatedItemUUIDs+CoreDataClass.m"; sourceTree = "<group>"; };
		5A0C84B42559C89600165D22 /* StoredRelatedItemUUID+CoreDataClass.m */ = {isa = PBXFileReference; lastKnownFileType = sourcecode.c.objc; path = "StoredRelatedItemUUID+CoreDataClass.m"; sourceTree = "<group>"; };
		5A0C84B52559C89600165D22 /* StoredPlaceDetails+CoreDataProperties.h */ = {isa = PBXFileReference; lastKnownFileType = sourcecode.c.h; path = "StoredPlaceDetails+CoreDataProperties.h"; sourceTree = "<group>"; };
		5A0C84DE25612C6E00165D22 /* BookmarksObserver.h */ = {isa = PBXFileReference; fileEncoding = 4; lastKnownFileType = sourcecode.c.h; path = BookmarksObserver.h; sourceTree = "<group>"; };
		5A0C84DF25612C7900165D22 /* BookmarksObservable.h */ = {isa = PBXFileReference; fileEncoding = 4; lastKnownFileType = sourcecode.c.h; path = BookmarksObservable.h; sourceTree = "<group>"; };
		5A0C84E62561CA9F00165D22 /* BannerView.h */ = {isa = PBXFileReference; lastKnownFileType = sourcecode.c.h; path = BannerView.h; sourceTree = "<group>"; };
		5A0C84E72561CA9F00165D22 /* BannerView.m */ = {isa = PBXFileReference; lastKnownFileType = sourcecode.c.objc; path = BannerView.m; sourceTree = "<group>"; };
		5A14824524E7ED9100EBB756 /* GreenTravel.app */ = {isa = PBXFileReference; explicitFileType = wrapper.application; includeInIndex = 0; path = GreenTravel.app; sourceTree = BUILT_PRODUCTS_DIR; };
		5A14824824E7ED9100EBB756 /* AppDelegate.h */ = {isa = PBXFileReference; lastKnownFileType = sourcecode.c.h; path = AppDelegate.h; sourceTree = "<group>"; };
		5A14824924E7ED9100EBB756 /* AppDelegate.m */ = {isa = PBXFileReference; lastKnownFileType = sourcecode.c.objc; path = AppDelegate.m; sourceTree = "<group>"; };
		5A14824B24E7ED9100EBB756 /* SceneDelegate.h */ = {isa = PBXFileReference; lastKnownFileType = sourcecode.c.h; path = SceneDelegate.h; sourceTree = "<group>"; };
		5A14824C24E7ED9100EBB756 /* SceneDelegate.m */ = {isa = PBXFileReference; lastKnownFileType = sourcecode.c.objc; path = SceneDelegate.m; sourceTree = "<group>"; };
		5A14824E24E7ED9100EBB756 /* ViewController.h */ = {isa = PBXFileReference; lastKnownFileType = sourcecode.c.h; path = ViewController.h; sourceTree = "<group>"; };
		5A14824F24E7ED9100EBB756 /* ViewController.m */ = {isa = PBXFileReference; lastKnownFileType = sourcecode.c.objc; path = ViewController.m; sourceTree = "<group>"; };
		5A14825524E7ED9100EBB756 /* GreenTravel.xcdatamodel */ = {isa = PBXFileReference; lastKnownFileType = wrapper.xcdatamodel; path = GreenTravel.xcdatamodel; sourceTree = "<group>"; };
		5A14825724E7ED9400EBB756 /* Assets.xcassets */ = {isa = PBXFileReference; lastKnownFileType = folder.assetcatalog; path = Assets.xcassets; sourceTree = "<group>"; };
		5A14825A24E7ED9400EBB756 /* Base */ = {isa = PBXFileReference; lastKnownFileType = file.storyboard; name = Base; path = Base.lproj/LaunchScreen.storyboard; sourceTree = "<group>"; };
		5A14825C24E7ED9400EBB756 /* Info.plist */ = {isa = PBXFileReference; lastKnownFileType = text.plist.xml; path = Info.plist; sourceTree = "<group>"; };
		5A14825D24E7ED9400EBB756 /* main.m */ = {isa = PBXFileReference; lastKnownFileType = sourcecode.c.objc; path = main.m; sourceTree = "<group>"; };
		5A14826324E7ED9400EBB756 /* GreenTravelTests.xctest */ = {isa = PBXFileReference; explicitFileType = wrapper.cfbundle; includeInIndex = 0; path = GreenTravelTests.xctest; sourceTree = BUILT_PRODUCTS_DIR; };
		5A14826724E7ED9400EBB756 /* GreenTravelTests.m */ = {isa = PBXFileReference; lastKnownFileType = sourcecode.c.objc; path = GreenTravelTests.m; sourceTree = "<group>"; };
		5A14826924E7ED9400EBB756 /* Info.plist */ = {isa = PBXFileReference; lastKnownFileType = text.plist.xml; path = Info.plist; sourceTree = "<group>"; };
		5A14826E24E7ED9400EBB756 /* GreenTravelUITests.xctest */ = {isa = PBXFileReference; explicitFileType = wrapper.cfbundle; includeInIndex = 0; path = GreenTravelUITests.xctest; sourceTree = BUILT_PRODUCTS_DIR; };
		5A14827224E7ED9400EBB756 /* GreenTravelUITests.m */ = {isa = PBXFileReference; lastKnownFileType = sourcecode.c.objc; path = GreenTravelUITests.m; sourceTree = "<group>"; };
		5A14827424E7ED9400EBB756 /* Info.plist */ = {isa = PBXFileReference; lastKnownFileType = text.plist.xml; path = Info.plist; sourceTree = "<group>"; };
		5A14828124E7F92300EBB756 /* Colors.h */ = {isa = PBXFileReference; lastKnownFileType = sourcecode.c.h; path = Colors.h; sourceTree = "<group>"; };
		5A14828224E7F92300EBB756 /* Colors.m */ = {isa = PBXFileReference; lastKnownFileType = sourcecode.c.objc; path = Colors.m; sourceTree = "<group>"; };
		5A14828824E80E3900EBB756 /* MainViewController.h */ = {isa = PBXFileReference; lastKnownFileType = sourcecode.c.h; path = MainViewController.h; sourceTree = "<group>"; };
		5A14828924E80E3900EBB756 /* MainViewController.m */ = {isa = PBXFileReference; lastKnownFileType = sourcecode.c.objc; path = MainViewController.m; sourceTree = "<group>"; };
		5A14828B24E8101A00EBB756 /* IndexViewController.h */ = {isa = PBXFileReference; lastKnownFileType = sourcecode.c.h; path = IndexViewController.h; sourceTree = "<group>"; };
		5A14828C24E8101A00EBB756 /* IndexViewController.m */ = {isa = PBXFileReference; lastKnownFileType = sourcecode.c.objc; path = IndexViewController.m; sourceTree = "<group>"; };
		5A14829124E8103400EBB756 /* BookmarksViewController.h */ = {isa = PBXFileReference; lastKnownFileType = sourcecode.c.h; path = BookmarksViewController.h; sourceTree = "<group>"; };
		5A14829224E8103400EBB756 /* BookmarksViewController.m */ = {isa = PBXFileReference; lastKnownFileType = sourcecode.c.objc; path = BookmarksViewController.m; sourceTree = "<group>"; };
		5A14829424E812BF00EBB756 /* TextUtils.h */ = {isa = PBXFileReference; lastKnownFileType = sourcecode.c.h; path = TextUtils.h; sourceTree = "<group>"; };
		5A14829524E812BF00EBB756 /* TextUtils.m */ = {isa = PBXFileReference; lastKnownFileType = sourcecode.c.objc; path = TextUtils.m; sourceTree = "<group>"; };
		5A14829924E9440C00EBB756 /* SearchViewController.h */ = {isa = PBXFileReference; lastKnownFileType = sourcecode.c.h; path = SearchViewController.h; sourceTree = "<group>"; };
		5A14829A24E9440C00EBB756 /* SearchViewController.m */ = {isa = PBXFileReference; lastKnownFileType = sourcecode.c.objc; path = SearchViewController.m; sourceTree = "<group>"; };
		5A14829C24E9501100EBB756 /* PlacesTableViewCell.h */ = {isa = PBXFileReference; lastKnownFileType = sourcecode.c.h; path = PlacesTableViewCell.h; sourceTree = "<group>"; };
		5A14829D24E9501100EBB756 /* PlacesTableViewCell.m */ = {isa = PBXFileReference; lastKnownFileType = sourcecode.c.objc; path = PlacesTableViewCell.m; sourceTree = "<group>"; };
		5A14829F24E9527700EBB756 /* PhotoCollectionViewCell.h */ = {isa = PBXFileReference; lastKnownFileType = sourcecode.c.h; path = PhotoCollectionViewCell.h; sourceTree = "<group>"; };
		5A1482A024E9527700EBB756 /* PhotoCollectionViewCell.m */ = {isa = PBXFileReference; lastKnownFileType = sourcecode.c.objc; path = PhotoCollectionViewCell.m; sourceTree = "<group>"; };
		5A1482A824E9DD8F00EBB756 /* Montserrat-Black.ttf */ = {isa = PBXFileReference; lastKnownFileType = file; path = "Montserrat-Black.ttf"; sourceTree = "<group>"; };
		5A1482A924E9DD8F00EBB756 /* Montserrat-BlackItalic.ttf */ = {isa = PBXFileReference; lastKnownFileType = file; path = "Montserrat-BlackItalic.ttf"; sourceTree = "<group>"; };
		5A1482AA24E9DD8F00EBB756 /* Montserrat-Regular.ttf */ = {isa = PBXFileReference; lastKnownFileType = file; path = "Montserrat-Regular.ttf"; sourceTree = "<group>"; };
		5A1482AB24E9DD8F00EBB756 /* Montserrat-SemiBoldItalic.ttf */ = {isa = PBXFileReference; lastKnownFileType = file; path = "Montserrat-SemiBoldItalic.ttf"; sourceTree = "<group>"; };
		5A1482AC24E9DD8F00EBB756 /* Montserrat-Light.ttf */ = {isa = PBXFileReference; lastKnownFileType = file; path = "Montserrat-Light.ttf"; sourceTree = "<group>"; };
		5A1482AD24E9DD8F00EBB756 /* Montserrat-Medium.ttf */ = {isa = PBXFileReference; lastKnownFileType = file; path = "Montserrat-Medium.ttf"; sourceTree = "<group>"; };
		5A1482AE24E9DD8F00EBB756 /* Montserrat-ExtraBoldItalic.ttf */ = {isa = PBXFileReference; lastKnownFileType = file; path = "Montserrat-ExtraBoldItalic.ttf"; sourceTree = "<group>"; };
		5A1482AF24E9DD8F00EBB756 /* Montserrat-Bold.ttf */ = {isa = PBXFileReference; lastKnownFileType = file; path = "Montserrat-Bold.ttf"; sourceTree = "<group>"; };
		5A1482B024E9DD8F00EBB756 /* Montserrat-ExtraLight.ttf */ = {isa = PBXFileReference; lastKnownFileType = file; path = "Montserrat-ExtraLight.ttf"; sourceTree = "<group>"; };
		5A1482B124E9DD8F00EBB756 /* Montserrat-LightItalic.ttf */ = {isa = PBXFileReference; lastKnownFileType = file; path = "Montserrat-LightItalic.ttf"; sourceTree = "<group>"; };
		5A1482B224E9DD8F00EBB756 /* Montserrat-ExtraBold.ttf */ = {isa = PBXFileReference; lastKnownFileType = file; path = "Montserrat-ExtraBold.ttf"; sourceTree = "<group>"; };
		5A1482B324E9DD8F00EBB756 /* Montserrat-Italic.ttf */ = {isa = PBXFileReference; lastKnownFileType = file; path = "Montserrat-Italic.ttf"; sourceTree = "<group>"; };
		5A1482B424E9DD8F00EBB756 /* Montserrat-ExtraLightItalic.ttf */ = {isa = PBXFileReference; lastKnownFileType = file; path = "Montserrat-ExtraLightItalic.ttf"; sourceTree = "<group>"; };
		5A1482B524E9DD9000EBB756 /* Montserrat-MediumItalic.ttf */ = {isa = PBXFileReference; lastKnownFileType = file; path = "Montserrat-MediumItalic.ttf"; sourceTree = "<group>"; };
		5A1482B624E9DD9000EBB756 /* Montserrat-Thin.ttf */ = {isa = PBXFileReference; lastKnownFileType = file; path = "Montserrat-Thin.ttf"; sourceTree = "<group>"; };
		5A1482B724E9DD9000EBB756 /* Montserrat-SemiBold.ttf */ = {isa = PBXFileReference; lastKnownFileType = file; path = "Montserrat-SemiBold.ttf"; sourceTree = "<group>"; };
		5A1482B824E9DD9000EBB756 /* Montserrat-BoldItalic.ttf */ = {isa = PBXFileReference; lastKnownFileType = file; path = "Montserrat-BoldItalic.ttf"; sourceTree = "<group>"; };
		5A1482B924E9DD9000EBB756 /* Montserrat-ThinItalic.ttf */ = {isa = PBXFileReference; lastKnownFileType = file; path = "Montserrat-ThinItalic.ttf"; sourceTree = "<group>"; };
		5A1482CC24EB091300EBB756 /* PlaceItem.h */ = {isa = PBXFileReference; lastKnownFileType = sourcecode.c.h; path = PlaceItem.h; sourceTree = "<group>"; };
		5A1482CD24EB091300EBB756 /* PlaceItem.m */ = {isa = PBXFileReference; lastKnownFileType = sourcecode.c.objc; path = PlaceItem.m; sourceTree = "<group>"; };
		5A1482CF24EC617E00EBB756 /* OpenSans-ExtraBoldItalic.ttf */ = {isa = PBXFileReference; lastKnownFileType = file; path = "OpenSans-ExtraBoldItalic.ttf"; sourceTree = "<group>"; };
		5A1482D024EC617E00EBB756 /* OpenSans-Italic.ttf */ = {isa = PBXFileReference; lastKnownFileType = file; path = "OpenSans-Italic.ttf"; sourceTree = "<group>"; };
		5A1482D124EC617E00EBB756 /* OpenSans-Light.ttf */ = {isa = PBXFileReference; lastKnownFileType = file; path = "OpenSans-Light.ttf"; sourceTree = "<group>"; };
		5A1482D224EC617E00EBB756 /* OpenSans-Regular.ttf */ = {isa = PBXFileReference; lastKnownFileType = file; path = "OpenSans-Regular.ttf"; sourceTree = "<group>"; };
		5A1482D324EC617E00EBB756 /* OpenSans-SemiBold.ttf */ = {isa = PBXFileReference; lastKnownFileType = file; path = "OpenSans-SemiBold.ttf"; sourceTree = "<group>"; };
		5A1482D424EC617E00EBB756 /* OpenSans-ExtraBold.ttf */ = {isa = PBXFileReference; lastKnownFileType = file; path = "OpenSans-ExtraBold.ttf"; sourceTree = "<group>"; };
		5A1482D524EC617F00EBB756 /* OpenSans-SemiBoldItalic.ttf */ = {isa = PBXFileReference; lastKnownFileType = file; path = "OpenSans-SemiBoldItalic.ttf"; sourceTree = "<group>"; };
		5A1482D624EC617F00EBB756 /* OpenSans-BoldItalic.ttf */ = {isa = PBXFileReference; lastKnownFileType = file; path = "OpenSans-BoldItalic.ttf"; sourceTree = "<group>"; };
		5A1482D724EC617F00EBB756 /* OpenSans-LightItalic.ttf */ = {isa = PBXFileReference; lastKnownFileType = file; path = "OpenSans-LightItalic.ttf"; sourceTree = "<group>"; };
		5A1482D824EC617F00EBB756 /* OpenSans-Bold.ttf */ = {isa = PBXFileReference; lastKnownFileType = file; path = "OpenSans-Bold.ttf"; sourceTree = "<group>"; };
		5A1482E424EC80FC00EBB756 /* DetailsViewController.h */ = {isa = PBXFileReference; lastKnownFileType = sourcecode.c.h; path = DetailsViewController.h; sourceTree = "<group>"; };
		5A1482E524EC80FC00EBB756 /* DetailsViewController.m */ = {isa = PBXFileReference; lastKnownFileType = sourcecode.c.objc; path = DetailsViewController.m; sourceTree = "<group>"; };
		5A1482E724EC8C2C00EBB756 /* PlacesViewController.h */ = {isa = PBXFileReference; lastKnownFileType = sourcecode.c.h; path = PlacesViewController.h; sourceTree = "<group>"; };
		5A1482E824EC8C2C00EBB756 /* PlacesViewController.m */ = {isa = PBXFileReference; lastKnownFileType = sourcecode.c.objc; path = PlacesViewController.m; sourceTree = "<group>"; };
		5A1482EA24EDC34C00EBB756 /* SizeUtils.h */ = {isa = PBXFileReference; lastKnownFileType = sourcecode.c.h; path = SizeUtils.h; sourceTree = "<group>"; };
		5A1482EB24EDC34C00EBB756 /* SizeUtils.m */ = {isa = PBXFileReference; lastKnownFileType = sourcecode.c.objc; path = SizeUtils.m; sourceTree = "<group>"; };
		5A1482ED24EDC8E500EBB756 /* StyleUtils.h */ = {isa = PBXFileReference; lastKnownFileType = sourcecode.c.h; path = StyleUtils.h; sourceTree = "<group>"; };
		5A1482EE24EDC8E500EBB756 /* StyleUtils.m */ = {isa = PBXFileReference; lastKnownFileType = sourcecode.c.objc; path = StyleUtils.m; sourceTree = "<group>"; };
		5A1482F024EF005300EBB756 /* BookmarkCell.h */ = {isa = PBXFileReference; lastKnownFileType = sourcecode.c.h; path = BookmarkCell.h; sourceTree = "<group>"; };
		5A1482F124EF005300EBB756 /* BookmarkCell.m */ = {isa = PBXFileReference; lastKnownFileType = sourcecode.c.objc; path = BookmarkCell.m; sourceTree = "<group>"; };
		5A1482F324F04B0B00EBB756 /* MapViewController.h */ = {isa = PBXFileReference; lastKnownFileType = sourcecode.c.h; path = MapViewController.h; sourceTree = "<group>"; };
		5A1482F424F04B0B00EBB756 /* MapViewController.m */ = {isa = PBXFileReference; lastKnownFileType = sourcecode.c.objc; path = MapViewController.m; sourceTree = "<group>"; };
		5A1482F924F0717300EBB756 /* SearchCell.h */ = {isa = PBXFileReference; lastKnownFileType = sourcecode.c.h; path = SearchCell.h; sourceTree = "<group>"; };
		5A1482FA24F0717300EBB756 /* SearchCell.m */ = {isa = PBXFileReference; lastKnownFileType = sourcecode.c.objc; path = SearchCell.m; sourceTree = "<group>"; };
		5A1482FF24F129E900EBB756 /* SearchItem.h */ = {isa = PBXFileReference; lastKnownFileType = sourcecode.c.h; path = SearchItem.h; sourceTree = "<group>"; };
		5A14830024F129E900EBB756 /* SearchItem.m */ = {isa = PBXFileReference; lastKnownFileType = sourcecode.c.objc; path = SearchItem.m; sourceTree = "<group>"; };
		5A14830224F136B800EBB756 /* WeRecommendCell.h */ = {isa = PBXFileReference; lastKnownFileType = sourcecode.c.h; path = WeRecommendCell.h; sourceTree = "<group>"; };
		5A14830324F136B800EBB756 /* WeRecommendCell.m */ = {isa = PBXFileReference; lastKnownFileType = sourcecode.c.objc; path = WeRecommendCell.m; sourceTree = "<group>"; };
		5A14830724F3083D00EBB756 /* PlacesTableViewCellConstants.h */ = {isa = PBXFileReference; lastKnownFileType = sourcecode.c.h; path = PlacesTableViewCellConstants.h; sourceTree = "<group>"; };
		5A14830824F3083D00EBB756 /* PlacesTableViewCellConstants.m */ = {isa = PBXFileReference; lastKnownFileType = sourcecode.c.objc; path = PlacesTableViewCellConstants.m; sourceTree = "<group>"; };
		5A2EBD9F2529EE030078AF72 /* StoredCategory+CoreDataProperties.h */ = {isa = PBXFileReference; fileEncoding = 4; lastKnownFileType = sourcecode.c.h; path = "StoredCategory+CoreDataProperties.h"; sourceTree = SOURCE_ROOT; };
		5A2EBDA02529EE030078AF72 /* StoredCategory+CoreDataClass.m */ = {isa = PBXFileReference; fileEncoding = 4; lastKnownFileType = sourcecode.c.objc; path = "StoredCategory+CoreDataClass.m"; sourceTree = SOURCE_ROOT; };
		5A2EBDA12529EE030078AF72 /* StoredPlaceItem+CoreDataClass.m */ = {isa = PBXFileReference; fileEncoding = 4; lastKnownFileType = sourcecode.c.objc; path = "StoredPlaceItem+CoreDataClass.m"; sourceTree = SOURCE_ROOT; };
		5A2EBDA22529EE030078AF72 /* StoredPlaceItem+CoreDataProperties.h */ = {isa = PBXFileReference; fileEncoding = 4; lastKnownFileType = sourcecode.c.h; path = "StoredPlaceItem+CoreDataProperties.h"; sourceTree = SOURCE_ROOT; };
		5A2EBDA32529EE040078AF72 /* StoredCategory+CoreDataProperties.m */ = {isa = PBXFileReference; fileEncoding = 4; lastKnownFileType = sourcecode.c.objc; path = "StoredCategory+CoreDataProperties.m"; sourceTree = SOURCE_ROOT; };
		5A2EBDA42529EE040078AF72 /* StoredCategory+CoreDataClass.h */ = {isa = PBXFileReference; fileEncoding = 4; lastKnownFileType = sourcecode.c.h; path = "StoredCategory+CoreDataClass.h"; sourceTree = SOURCE_ROOT; };
		5A2EBDA52529EE040078AF72 /* StoredPlaceItem+CoreDataProperties.m */ = {isa = PBXFileReference; fileEncoding = 4; lastKnownFileType = sourcecode.c.objc; path = "StoredPlaceItem+CoreDataProperties.m"; sourceTree = SOURCE_ROOT; };
		5A2EBDA62529EE040078AF72 /* StoredPlaceItem+CoreDataClass.h */ = {isa = PBXFileReference; fileEncoding = 4; lastKnownFileType = sourcecode.c.h; path = "StoredPlaceItem+CoreDataClass.h"; sourceTree = SOURCE_ROOT; };
		5A324B7924F6E3CB0044A671 /* Category.h */ = {isa = PBXFileReference; lastKnownFileType = sourcecode.c.h; path = Category.h; sourceTree = "<group>"; };
		5A324B7A24F6E3CB0044A671 /* Category.m */ = {isa = PBXFileReference; lastKnownFileType = sourcecode.c.objc; path = Category.m; sourceTree = "<group>"; };
		5A324B7F24F70B490044A671 /* ApiService.h */ = {isa = PBXFileReference; lastKnownFileType = sourcecode.c.h; path = ApiService.h; sourceTree = "<group>"; };
		5A324B8024F70B490044A671 /* ApiService.m */ = {isa = PBXFileReference; lastKnownFileType = sourcecode.c.objc; path = ApiService.m; sourceTree = "<group>"; };
		5A324B8224F860420044A671 /* ImageUtils.h */ = {isa = PBXFileReference; lastKnownFileType = sourcecode.c.h; path = ImageUtils.h; sourceTree = "<group>"; };
		5A324B8324F860420044A671 /* ImageUtils.m */ = {isa = PBXFileReference; lastKnownFileType = sourcecode.c.objc; path = ImageUtils.m; sourceTree = "<group>"; };
		5A324B8824FAB9780044A671 /* SearchModel.h */ = {isa = PBXFileReference; lastKnownFileType = sourcecode.c.h; path = SearchModel.h; sourceTree = "<group>"; };
		5A324B8924FAB9780044A671 /* SearchModel.m */ = {isa = PBXFileReference; lastKnownFileType = sourcecode.c.objc; path = SearchModel.m; sourceTree = "<group>"; };
		5A324B8B24FABA620044A671 /* SearchItemsObservable.h */ = {isa = PBXFileReference; lastKnownFileType = sourcecode.c.h; path = SearchItemsObservable.h; sourceTree = "<group>"; };
		5A324B8C24FAC1950044A671 /* SearchItemsObserver.h */ = {isa = PBXFileReference; lastKnownFileType = sourcecode.c.h; path = SearchItemsObserver.h; sourceTree = "<group>"; };
		5A324B8D24FAFF4F0044A671 /* MapItemsObservable.h */ = {isa = PBXFileReference; fileEncoding = 4; lastKnownFileType = sourcecode.c.h; path = MapItemsObservable.h; sourceTree = "<group>"; };
		5A324B8E24FAFF630044A671 /* MapItemsObserver.h */ = {isa = PBXFileReference; fileEncoding = 4; lastKnownFileType = sourcecode.c.h; path = MapItemsObserver.h; sourceTree = "<group>"; };
		5A324B8F24FB00A60044A671 /* MapModel.h */ = {isa = PBXFileReference; lastKnownFileType = sourcecode.c.h; path = MapModel.h; sourceTree = "<group>"; };
		5A324B9024FB00A60044A671 /* MapModel.m */ = {isa = PBXFileReference; lastKnownFileType = sourcecode.c.objc; path = MapModel.m; sourceTree = "<group>"; };
		5A324B9224FB00D70044A671 /* MapItem.h */ = {isa = PBXFileReference; lastKnownFileType = sourcecode.c.h; path = MapItem.h; sourceTree = "<group>"; };
		5A324B9324FB00D70044A671 /* MapItem.m */ = {isa = PBXFileReference; lastKnownFileType = sourcecode.c.objc; path = MapItem.m; sourceTree = "<group>"; };
		5A324B9524FBAD260044A671 /* BookmarksGroupObservable.h */ = {isa = PBXFileReference; fileEncoding = 4; lastKnownFileType = sourcecode.c.h; path = BookmarksGroupObservable.h; sourceTree = "<group>"; };
		5A324B9624FBAD340044A671 /* BookmarksGroupObserver.h */ = {isa = PBXFileReference; fileEncoding = 4; lastKnownFileType = sourcecode.c.h; path = BookmarksGroupObserver.h; sourceTree = "<group>"; };
		5A324B9724FBADDF0044A671 /* BookmarkItem.h */ = {isa = PBXFileReference; lastKnownFileType = sourcecode.c.h; path = BookmarkItem.h; sourceTree = "<group>"; };
		5A324B9824FBADDF0044A671 /* BookmarkItem.m */ = {isa = PBXFileReference; lastKnownFileType = sourcecode.c.objc; path = BookmarkItem.m; sourceTree = "<group>"; };
		5A324B9A24FBAEEB0044A671 /* BookmarksGroupModel.h */ = {isa = PBXFileReference; lastKnownFileType = sourcecode.c.h; path = BookmarksGroupModel.h; sourceTree = "<group>"; };
		5A324B9B24FBAEEB0044A671 /* BookmarksGroupModel.m */ = {isa = PBXFileReference; lastKnownFileType = sourcecode.c.objc; path = BookmarksGroupModel.m; sourceTree = "<group>"; };
		5A324B9D24FEF87B0044A671 /* LocationModel.h */ = {isa = PBXFileReference; lastKnownFileType = sourcecode.c.h; path = LocationModel.h; sourceTree = "<group>"; };
		5A324B9E24FEF87B0044A671 /* LocationModel.m */ = {isa = PBXFileReference; lastKnownFileType = sourcecode.c.objc; path = LocationModel.m; sourceTree = "<group>"; };
		5A324BA4250025AF0044A671 /* LocationObservable.h */ = {isa = PBXFileReference; lastKnownFileType = sourcecode.c.h; path = LocationObservable.h; sourceTree = "<group>"; };
		5A324BA5250025B90044A671 /* LocationObserver.h */ = {isa = PBXFileReference; lastKnownFileType = sourcecode.c.h; path = LocationObserver.h; sourceTree = "<group>"; };
		5A5FB1DF2517EAB800EBAA8E /* CategoryUtils.h */ = {isa = PBXFileReference; lastKnownFileType = sourcecode.c.h; path = CategoryUtils.h; sourceTree = "<group>"; };
		5A5FB1E02517EAB800EBAA8E /* CategoryUtils.m */ = {isa = PBXFileReference; lastKnownFileType = sourcecode.c.objc; path = CategoryUtils.m; sourceTree = "<group>"; };
		5A69921524F7DE51008FB47E /* IndexModel.h */ = {isa = PBXFileReference; lastKnownFileType = sourcecode.c.h; path = IndexModel.h; sourceTree = "<group>"; };
		5A69921624F7DE51008FB47E /* IndexModel.m */ = {isa = PBXFileReference; lastKnownFileType = sourcecode.c.objc; path = IndexModel.m; sourceTree = "<group>"; };
		5A69921824F7DF63008FB47E /* PathItem.h */ = {isa = PBXFileReference; lastKnownFileType = sourcecode.c.h; path = PathItem.h; sourceTree = "<group>"; };
		5A69921924F7DF63008FB47E /* PathItem.m */ = {isa = PBXFileReference; lastKnownFileType = sourcecode.c.objc; path = PathItem.m; sourceTree = "<group>"; };
		5A69921B24F7E11E008FB47E /* PlaceDetails.h */ = {isa = PBXFileReference; lastKnownFileType = sourcecode.c.h; path = PlaceDetails.h; sourceTree = "<group>"; };
		5A69921C24F7E11F008FB47E /* PlaceDetails.m */ = {isa = PBXFileReference; lastKnownFileType = sourcecode.c.objc; path = PlaceDetails.m; sourceTree = "<group>"; };
		5A69921E24F7E134008FB47E /* PathDetails.h */ = {isa = PBXFileReference; lastKnownFileType = sourcecode.c.h; path = PathDetails.h; sourceTree = "<group>"; };
		5A69921F24F7E134008FB47E /* PathDetails.m */ = {isa = PBXFileReference; lastKnownFileType = sourcecode.c.objc; path = PathDetails.m; sourceTree = "<group>"; };
		5A69922124F910F2008FB47E /* CategoriesObservable.h */ = {isa = PBXFileReference; lastKnownFileType = sourcecode.c.h; path = CategoriesObservable.h; sourceTree = "<group>"; };
		5A69922424F91175008FB47E /* CategoriesObserver.h */ = {isa = PBXFileReference; lastKnownFileType = sourcecode.c.h; path = CategoriesObserver.h; sourceTree = "<group>"; };
		5AA75BFC2502D70900AE7331 /* MapPinView.h */ = {isa = PBXFileReference; lastKnownFileType = sourcecode.c.h; path = MapPinView.h; sourceTree = "<group>"; };
		5AA75BFD2502D70900AE7331 /* MapPinView.m */ = {isa = PBXFileReference; lastKnownFileType = sourcecode.c.objc; path = MapPinView.m; sourceTree = "<group>"; };
		5AA75C002504258300AE7331 /* DetailsModel.m */ = {isa = PBXFileReference; lastKnownFileType = sourcecode.c.objc; path = DetailsModel.m; sourceTree = "<group>"; };
		5AA75C03250427FE00AE7331 /* DetailsObservable.h */ = {isa = PBXFileReference; lastKnownFileType = sourcecode.c.h; path = DetailsObservable.h; sourceTree = "<group>"; };
		5AA75C042504280E00AE7331 /* DetailsObserver.h */ = {isa = PBXFileReference; lastKnownFileType = sourcecode.c.h; path = DetailsObserver.h; sourceTree = "<group>"; };
		5AA75C0525042AF500AE7331 /* DetailsModel.h */ = {isa = PBXFileReference; lastKnownFileType = sourcecode.c.h; path = DetailsModel.h; sourceTree = "<group>"; };
		5AA75C062505196D00AE7331 /* CoreDataService.h */ = {isa = PBXFileReference; lastKnownFileType = sourcecode.c.h; path = CoreDataService.h; sourceTree = "<group>"; };
		5AA75C072505196D00AE7331 /* CoreDataService.m */ = {isa = PBXFileReference; lastKnownFileType = sourcecode.c.objc; path = CoreDataService.m; sourceTree = "<group>"; };
		5AEA97F72554A1FD0037A51D /* LinkedCategoriesView.h */ = {isa = PBXFileReference; lastKnownFileType = sourcecode.c.h; path = LinkedCategoriesView.h; sourceTree = "<group>"; };
		5AEA97F82554A1FD0037A51D /* LinkedCategoriesView.m */ = {isa = PBXFileReference; lastKnownFileType = sourcecode.c.objc; path = LinkedCategoriesView.m; sourceTree = "<group>"; };
		5AEA98022556A8AC0037A51D /* ApiServiceDataMapper.h */ = {isa = PBXFileReference; lastKnownFileType = sourcecode.c.h; path = ApiServiceDataMapper.h; sourceTree = "<group>"; };
		5AEA98032556A8AC0037A51D /* ApiServiceDataMapper.m */ = {isa = PBXFileReference; lastKnownFileType = sourcecode.c.objc; path = ApiServiceDataMapper.m; sourceTree = "<group>"; };
		5AEA98082556C0FE0037A51D /* CategoryUUIDToRelatedItemUUIDs.h */ = {isa = PBXFileReference; lastKnownFileType = sourcecode.c.h; path = CategoryUUIDToRelatedItemUUIDs.h; sourceTree = "<group>"; };
		5AEA98092556C0FE0037A51D /* CategoryUUIDToRelatedItemUUIDs.m */ = {isa = PBXFileReference; lastKnownFileType = sourcecode.c.objc; path = CategoryUUIDToRelatedItemUUIDs.m; sourceTree = "<group>"; };
		5AEA98112556CD3F0037A51D /* CategoryLinkCell.h */ = {isa = PBXFileReference; lastKnownFileType = sourcecode.c.h; path = CategoryLinkCell.h; sourceTree = "<group>"; };
		5AEA98122556CD3F0037A51D /* CategoryLinkCell.m */ = {isa = PBXFileReference; lastKnownFileType = sourcecode.c.objc; path = CategoryLinkCell.m; sourceTree = "<group>"; };
		5AF2C689253C589300B8B3BD /* StoredSearchItem+CoreDataProperties.h */ = {isa = PBXFileReference; lastKnownFileType = sourcecode.c.h; path = "StoredSearchItem+CoreDataProperties.h"; sourceTree = SOURCE_ROOT; };
		5AF2C68A253C589300B8B3BD /* StoredSearchItem+CoreDataClass.h */ = {isa = PBXFileReference; lastKnownFileType = sourcecode.c.h; path = "StoredSearchItem+CoreDataClass.h"; sourceTree = SOURCE_ROOT; };
		5AF2C68B253C589300B8B3BD /* StoredSearchItem+CoreDataClass.m */ = {isa = PBXFileReference; lastKnownFileType = sourcecode.c.objc; path = "StoredSearchItem+CoreDataClass.m"; sourceTree = SOURCE_ROOT; };
		5AF2C68C253C589300B8B3BD /* StoredSearchItem+CoreDataProperties.m */ = {isa = PBXFileReference; lastKnownFileType = sourcecode.c.objc; path = "StoredSearchItem+CoreDataProperties.m"; sourceTree = SOURCE_ROOT; };
		72EA408C6B7F3196733739F5 /* Pods-GreenTravel.debug.xcconfig */ = {isa = PBXFileReference; includeInIndex = 1; lastKnownFileType = text.xcconfig; name = "Pods-GreenTravel.debug.xcconfig"; path = "Target Support Files/Pods-GreenTravel/Pods-GreenTravel.debug.xcconfig"; sourceTree = "<group>"; };
		91293A664C685F8723F00C87 /* Pods_GreenTravel.framework */ = {isa = PBXFileReference; explicitFileType = wrapper.framework; includeInIndex = 0; path = Pods_GreenTravel.framework; sourceTree = BUILT_PRODUCTS_DIR; };
		9FA60514F55171E41A0702C0 /* Pods-GreenTravel.release.xcconfig */ = {isa = PBXFileReference; includeInIndex = 1; lastKnownFileType = text.xcconfig; name = "Pods-GreenTravel.release.xcconfig"; path = "Target Support Files/Pods-GreenTravel/Pods-GreenTravel.release.xcconfig"; sourceTree = "<group>"; };
/* End PBXFileReference section */

/* Begin PBXFrameworksBuildPhase section */
		5A14824224E7ED9000EBB756 /* Frameworks */ = {
			isa = PBXFrameworksBuildPhase;
			buildActionMask = 2147483647;
			files = (
				24E780EAC2C979C4EF44C2DD /* Pods_GreenTravel.framework in Frameworks */,
			);
			runOnlyForDeploymentPostprocessing = 0;
		};
		5A14826024E7ED9400EBB756 /* Frameworks */ = {
			isa = PBXFrameworksBuildPhase;
			buildActionMask = 2147483647;
			files = (
			);
			runOnlyForDeploymentPostprocessing = 0;
		};
		5A14826B24E7ED9400EBB756 /* Frameworks */ = {
			isa = PBXFrameworksBuildPhase;
			buildActionMask = 2147483647;
			files = (
			);
			runOnlyForDeploymentPostprocessing = 0;
		};
/* End PBXFrameworksBuildPhase section */

/* Begin PBXGroup section */
		5A14823C24E7ED9000EBB756 = {
			isa = PBXGroup;
			children = (
				5A14824724E7ED9100EBB756 /* GreenTravel */,
				5A14826624E7ED9400EBB756 /* GreenTravelTests */,
				5A14827124E7ED9400EBB756 /* GreenTravelUITests */,
				5A14824624E7ED9100EBB756 /* Products */,
				72F07A37AC1DE1BCFA8BD0F1 /* Pods */,
				8B80FB97708A092B6E0D7523 /* Frameworks */,
			);
			sourceTree = "<group>";
		};
		5A14824624E7ED9100EBB756 /* Products */ = {
			isa = PBXGroup;
			children = (
				5A14824524E7ED9100EBB756 /* GreenTravel.app */,
				5A14826324E7ED9400EBB756 /* GreenTravelTests.xctest */,
				5A14826E24E7ED9400EBB756 /* GreenTravelUITests.xctest */,
			);
			name = Products;
			sourceTree = "<group>";
		};
		5A14824724E7ED9100EBB756 /* GreenTravel */ = {
			isa = PBXGroup;
			children = (
				5A14829824E8915A00EBB756 /* app */,
				5A5FB19C250579D500EBAA8E /* services */,
				5A5FB19D250579E900EBAA8E /* models */,
				5A14828424E800F200EBB756 /* screens */,
				5A14824E24E7ED9100EBB756 /* ViewController.h */,
				5A14824F24E7ED9100EBB756 /* ViewController.m */,
				5A5FB19F25057A6300EBAA8E /* managedobjects */,
				5A1482E324EC80AB00EBB756 /* valueobjects */,
				5A14828024E7F91000EBB756 /* utilities */,
				5A1482A724E9DD7600EBB756 /* fonts */,
				5A14825724E7ED9400EBB756 /* Assets.xcassets */,
				5A14825924E7ED9400EBB756 /* LaunchScreen.storyboard */,
				5A14825C24E7ED9400EBB756 /* Info.plist */,
				5A14825D24E7ED9400EBB756 /* main.m */,
				5A14825424E7ED9100EBB756 /* GreenTravel.xcdatamodeld */,
			);
			path = GreenTravel;
			sourceTree = "<group>";
		};
		5A14826624E7ED9400EBB756 /* GreenTravelTests */ = {
			isa = PBXGroup;
			children = (
				5A14826724E7ED9400EBB756 /* GreenTravelTests.m */,
				5A14826924E7ED9400EBB756 /* Info.plist */,
			);
			path = GreenTravelTests;
			sourceTree = "<group>";
		};
		5A14827124E7ED9400EBB756 /* GreenTravelUITests */ = {
			isa = PBXGroup;
			children = (
				5A14827224E7ED9400EBB756 /* GreenTravelUITests.m */,
				5A14827424E7ED9400EBB756 /* Info.plist */,
			);
			path = GreenTravelUITests;
			sourceTree = "<group>";
		};
		5A14828024E7F91000EBB756 /* utilities */ = {
			isa = PBXGroup;
			children = (
				5A324B8224F860420044A671 /* ImageUtils.h */,
				5A324B8324F860420044A671 /* ImageUtils.m */,
				5A14828124E7F92300EBB756 /* Colors.h */,
				5A14828224E7F92300EBB756 /* Colors.m */,
				5A14829424E812BF00EBB756 /* TextUtils.h */,
				5A14829524E812BF00EBB756 /* TextUtils.m */,
				5A1482EA24EDC34C00EBB756 /* SizeUtils.h */,
				5A1482EB24EDC34C00EBB756 /* SizeUtils.m */,
				5A1482ED24EDC8E500EBB756 /* StyleUtils.h */,
				5A1482EE24EDC8E500EBB756 /* StyleUtils.m */,
				5A5FB1DF2517EAB800EBAA8E /* CategoryUtils.h */,
				5A5FB1E02517EAB800EBAA8E /* CategoryUtils.m */,
			);
			path = utilities;
			sourceTree = "<group>";
		};
		5A14828424E800F200EBB756 /* screens */ = {
			isa = PBXGroup;
			children = (
				5A5FB1A025057BF200EBAA8E /* MainViewController */,
				5A5FB1A125057C0200EBAA8E /* IndexViewController */,
				5A14830624F1496600EBB756 /* SearchViewController */,
				5A5FB1A225057C4400EBAA8E /* MapViewController */,
				5A5FB1A325057C5400EBAA8E /* DetailsViewController */,
				5A5FB1A425057C6100EBAA8E /* PlacesViewController */,
				5A5FB1A525057C6C00EBAA8E /* BookmarksViewController */,
			);
			path = screens;
			sourceTree = "<group>";
		};
		5A14829824E8915A00EBB756 /* app */ = {
			isa = PBXGroup;
			children = (
				5A14824824E7ED9100EBB756 /* AppDelegate.h */,
				5A14824924E7ED9100EBB756 /* AppDelegate.m */,
				5A14824B24E7ED9100EBB756 /* SceneDelegate.h */,
				5A14824C24E7ED9100EBB756 /* SceneDelegate.m */,
			);
			path = app;
			sourceTree = "<group>";
		};
		5A1482A224E9578800EBB756 /* PlacesTableViewCell */ = {
			isa = PBXGroup;
			children = (
				5A14829C24E9501100EBB756 /* PlacesTableViewCell.h */,
				5A14829D24E9501100EBB756 /* PlacesTableViewCell.m */,
				5A14830724F3083D00EBB756 /* PlacesTableViewCellConstants.h */,
				5A14830824F3083D00EBB756 /* PlacesTableViewCellConstants.m */,
				5A1482A324E9579A00EBB756 /* PhotoCollectionViewCell */,
			);
			path = PlacesTableViewCell;
			sourceTree = "<group>";
		};
		5A1482A324E9579A00EBB756 /* PhotoCollectionViewCell */ = {
			isa = PBXGroup;
			children = (
				5A14829F24E9527700EBB756 /* PhotoCollectionViewCell.h */,
				5A1482A024E9527700EBB756 /* PhotoCollectionViewCell.m */,
			);
			path = PhotoCollectionViewCell;
			sourceTree = "<group>";
		};
		5A1482A724E9DD7600EBB756 /* fonts */ = {
			isa = PBXGroup;
			children = (
				5A1482D824EC617F00EBB756 /* OpenSans-Bold.ttf */,
				5A1482D624EC617F00EBB756 /* OpenSans-BoldItalic.ttf */,
				5A1482D424EC617E00EBB756 /* OpenSans-ExtraBold.ttf */,
				5A1482CF24EC617E00EBB756 /* OpenSans-ExtraBoldItalic.ttf */,
				5A1482D024EC617E00EBB756 /* OpenSans-Italic.ttf */,
				5A1482D124EC617E00EBB756 /* OpenSans-Light.ttf */,
				5A1482D724EC617F00EBB756 /* OpenSans-LightItalic.ttf */,
				5A1482D224EC617E00EBB756 /* OpenSans-Regular.ttf */,
				5A1482D324EC617E00EBB756 /* OpenSans-SemiBold.ttf */,
				5A1482D524EC617F00EBB756 /* OpenSans-SemiBoldItalic.ttf */,
				5A1482A824E9DD8F00EBB756 /* Montserrat-Black.ttf */,
				5A1482A924E9DD8F00EBB756 /* Montserrat-BlackItalic.ttf */,
				5A1482AF24E9DD8F00EBB756 /* Montserrat-Bold.ttf */,
				5A1482B824E9DD9000EBB756 /* Montserrat-BoldItalic.ttf */,
				5A1482B224E9DD8F00EBB756 /* Montserrat-ExtraBold.ttf */,
				5A1482AE24E9DD8F00EBB756 /* Montserrat-ExtraBoldItalic.ttf */,
				5A1482B024E9DD8F00EBB756 /* Montserrat-ExtraLight.ttf */,
				5A1482B424E9DD8F00EBB756 /* Montserrat-ExtraLightItalic.ttf */,
				5A1482B324E9DD8F00EBB756 /* Montserrat-Italic.ttf */,
				5A1482AC24E9DD8F00EBB756 /* Montserrat-Light.ttf */,
				5A1482B124E9DD8F00EBB756 /* Montserrat-LightItalic.ttf */,
				5A1482AD24E9DD8F00EBB756 /* Montserrat-Medium.ttf */,
				5A1482B524E9DD9000EBB756 /* Montserrat-MediumItalic.ttf */,
				5A1482AA24E9DD8F00EBB756 /* Montserrat-Regular.ttf */,
				5A1482B724E9DD9000EBB756 /* Montserrat-SemiBold.ttf */,
				5A1482AB24E9DD8F00EBB756 /* Montserrat-SemiBoldItalic.ttf */,
				5A1482B624E9DD9000EBB756 /* Montserrat-Thin.ttf */,
				5A1482B924E9DD9000EBB756 /* Montserrat-ThinItalic.ttf */,
			);
			path = fonts;
			sourceTree = "<group>";
		};
		5A1482E324EC80AB00EBB756 /* valueobjects */ = {
			isa = PBXGroup;
			children = (
				5A1482CC24EB091300EBB756 /* PlaceItem.h */,
				5A1482CD24EB091300EBB756 /* PlaceItem.m */,
				5A324B9224FB00D70044A671 /* MapItem.h */,
				5A324B9324FB00D70044A671 /* MapItem.m */,
				5A1482FF24F129E900EBB756 /* SearchItem.h */,
				5A14830024F129E900EBB756 /* SearchItem.m */,
				5A324B7924F6E3CB0044A671 /* Category.h */,
				5A324B7A24F6E3CB0044A671 /* Category.m */,
				5A69921824F7DF63008FB47E /* PathItem.h */,
				5A69921924F7DF63008FB47E /* PathItem.m */,
				5A69921B24F7E11E008FB47E /* PlaceDetails.h */,
				5A69921C24F7E11F008FB47E /* PlaceDetails.m */,
				5A69921E24F7E134008FB47E /* PathDetails.h */,
				5A69921F24F7E134008FB47E /* PathDetails.m */,
				5A324B9724FBADDF0044A671 /* BookmarkItem.h */,
				5A324B9824FBADDF0044A671 /* BookmarkItem.m */,
				5AEA98082556C0FE0037A51D /* CategoryUUIDToRelatedItemUUIDs.h */,
				5AEA98092556C0FE0037A51D /* CategoryUUIDToRelatedItemUUIDs.m */,
			);
			path = valueobjects;
			sourceTree = "<group>";
		};
		5A1482FE24F124C300EBB756 /* SearchCell */ = {
			isa = PBXGroup;
			children = (
				5A1482F924F0717300EBB756 /* SearchCell.h */,
				5A1482FA24F0717300EBB756 /* SearchCell.m */,
			);
			path = SearchCell;
			sourceTree = "<group>";
		};
		5A14830524F136BB00EBB756 /* WeRecommendCell */ = {
			isa = PBXGroup;
			children = (
				5A14830224F136B800EBB756 /* WeRecommendCell.h */,
				5A14830324F136B800EBB756 /* WeRecommendCell.m */,
			);
			path = WeRecommendCell;
			sourceTree = "<group>";
		};
		5A14830624F1496600EBB756 /* SearchViewController */ = {
			isa = PBXGroup;
			children = (
				5A14829924E9440C00EBB756 /* SearchViewController.h */,
				5A14829A24E9440C00EBB756 /* SearchViewController.m */,
				5A14830524F136BB00EBB756 /* WeRecommendCell */,
				5A1482FE24F124C300EBB756 /* SearchCell */,
			);
			path = SearchViewController;
			sourceTree = "<group>";
		};
		5A324BA0250025110044A671 /* BookmarksGroupModel */ = {
			isa = PBXGroup;
			children = (
				5A324B9A24FBAEEB0044A671 /* BookmarksGroupModel.h */,
				5A324B9B24FBAEEB0044A671 /* BookmarksGroupModel.m */,
				5A324B9624FBAD340044A671 /* BookmarksGroupObserver.h */,
				5A324B9524FBAD260044A671 /* BookmarksGroupObservable.h */,
			);
			path = BookmarksGroupModel;
			sourceTree = "<group>";
		};
		5A324BA12500251F0044A671 /* MapModel */ = {
			isa = PBXGroup;
			children = (
				5A324B8F24FB00A60044A671 /* MapModel.h */,
				5A324B9024FB00A60044A671 /* MapModel.m */,
				5A324B8D24FAFF4F0044A671 /* MapItemsObservable.h */,
				5A324B8E24FAFF630044A671 /* MapItemsObserver.h */,
			);
			path = MapModel;
			sourceTree = "<group>";
		};
		5A324BA22500252D0044A671 /* IndexModel */ = {
			isa = PBXGroup;
			children = (
				5A69921524F7DE51008FB47E /* IndexModel.h */,
				5A69921624F7DE51008FB47E /* IndexModel.m */,
				5A69922124F910F2008FB47E /* CategoriesObservable.h */,
				5A69922424F91175008FB47E /* CategoriesObserver.h */,
				5A0C84DF25612C7900165D22 /* BookmarksObservable.h */,
				5A0C84DE25612C6E00165D22 /* BookmarksObserver.h */,
			);
			path = IndexModel;
			sourceTree = "<group>";
		};
		5A324BA3250025390044A671 /* SearchModel */ = {
			isa = PBXGroup;
			children = (
				5A324B8824FAB9780044A671 /* SearchModel.h */,
				5A324B8924FAB9780044A671 /* SearchModel.m */,
				5A324B8B24FABA620044A671 /* SearchItemsObservable.h */,
				5A324B8C24FAC1950044A671 /* SearchItemsObserver.h */,
			);
			path = SearchModel;
			sourceTree = "<group>";
		};
		5A5FB19C250579D500EBAA8E /* services */ = {
			isa = PBXGroup;
			children = (
				5AEA98012556A8900037A51D /* ApiService */,
				5AEA98002556A8750037A51D /* CoreDataService */,
			);
			path = services;
			sourceTree = "<group>";
		};
		5A5FB19D250579E900EBAA8E /* models */ = {
			isa = PBXGroup;
			children = (
				5A5FB19E250579F800EBAA8E /* LocationModel */,
				5A324BA3250025390044A671 /* SearchModel */,
				5A324BA22500252D0044A671 /* IndexModel */,
				5A324BA12500251F0044A671 /* MapModel */,
				5A324BA0250025110044A671 /* BookmarksGroupModel */,
				5AA75C02250425A400AE7331 /* DetailsModel */,
			);
			path = models;
			sourceTree = "<group>";
		};
		5A5FB19E250579F800EBAA8E /* LocationModel */ = {
			isa = PBXGroup;
			children = (
				5A324B9D24FEF87B0044A671 /* LocationModel.h */,
				5A324B9E24FEF87B0044A671 /* LocationModel.m */,
				5A324BA4250025AF0044A671 /* LocationObservable.h */,
				5A324BA5250025B90044A671 /* LocationObserver.h */,
			);
			path = LocationModel;
			sourceTree = "<group>";
		};
		5A5FB19F25057A6300EBAA8E /* managedobjects */ = {
			isa = PBXGroup;
			children = (
				5A0C84B12559C89600165D22 /* StoredRelatedItemUUID+CoreDataProperties.h */,
				5A0C84AF2559C89600165D22 /* StoredRelatedItemUUID+CoreDataClass.h */,
				5A0C84B42559C89600165D22 /* StoredRelatedItemUUID+CoreDataClass.m */,
				5A0C84AD2559C89500165D22 /* StoredRelatedItemUUID+CoreDataProperties.m */,
				5A0C84AC2559C89500165D22 /* StoredCategoryUUIDToRelatedItemUUIDs+CoreDataProperties.h */,
				5A0C84B22559C89600165D22 /* StoredCategoryUUIDToRelatedItemUUIDs+CoreDataClass.h */,
				5A0C84B32559C89600165D22 /* StoredCategoryUUIDToRelatedItemUUIDs+CoreDataClass.m */,
				5A0C84AE2559C89500165D22 /* StoredCategoryUUIDToRelatedItemUUIDs+CoreDataProperties.m */,
				5A0C84B52559C89600165D22 /* StoredPlaceDetails+CoreDataProperties.h */,
				5A0C84B02559C89600165D22 /* StoredPlaceDetails+CoreDataClass.h */,
				5A0C84AA2559C89500165D22 /* StoredPlaceDetails+CoreDataClass.m */,
				5A0C84AB2559C89500165D22 /* StoredPlaceDetails+CoreDataProperties.m */,
				5AF2C689253C589300B8B3BD /* StoredSearchItem+CoreDataProperties.h */,
				5AF2C68A253C589300B8B3BD /* StoredSearchItem+CoreDataClass.h */,
				5AF2C68B253C589300B8B3BD /* StoredSearchItem+CoreDataClass.m */,
				5AF2C68C253C589300B8B3BD /* StoredSearchItem+CoreDataProperties.m */,
				5A2EBDA22529EE030078AF72 /* StoredPlaceItem+CoreDataProperties.h */,
				5A2EBDA62529EE040078AF72 /* StoredPlaceItem+CoreDataClass.h */,
				5A2EBDA12529EE030078AF72 /* StoredPlaceItem+CoreDataClass.m */,
				5A2EBDA52529EE040078AF72 /* StoredPlaceItem+CoreDataProperties.m */,
				5A2EBD9F2529EE030078AF72 /* StoredCategory+CoreDataProperties.h */,
				5A2EBDA42529EE040078AF72 /* StoredCategory+CoreDataClass.h */,
				5A2EBDA02529EE030078AF72 /* StoredCategory+CoreDataClass.m */,
				5A2EBDA32529EE040078AF72 /* StoredCategory+CoreDataProperties.m */,
			);
			path = managedobjects;
			sourceTree = "<group>";
		};
		5A5FB1A025057BF200EBAA8E /* MainViewController */ = {
			isa = PBXGroup;
			children = (
				5A14828824E80E3900EBB756 /* MainViewController.h */,
				5A14828924E80E3900EBB756 /* MainViewController.m */,
			);
			path = MainViewController;
			sourceTree = "<group>";
		};
		5A5FB1A125057C0200EBAA8E /* IndexViewController */ = {
			isa = PBXGroup;
			children = (
				5A14828B24E8101A00EBB756 /* IndexViewController.h */,
				5A14828C24E8101A00EBB756 /* IndexViewController.m */,
				5A1482A224E9578800EBB756 /* PlacesTableViewCell */,
			);
			path = IndexViewController;
			sourceTree = "<group>";
		};
		5A5FB1A225057C4400EBAA8E /* MapViewController */ = {
			isa = PBXGroup;
			children = (
				5A1482F324F04B0B00EBB756 /* MapViewController.h */,
				5A1482F424F04B0B00EBB756 /* MapViewController.m */,
				5AA75BFC2502D70900AE7331 /* MapPinView.h */,
				5AA75BFD2502D70900AE7331 /* MapPinView.m */,
			);
			path = MapViewController;
			sourceTree = "<group>";
		};
		5A5FB1A325057C5400EBAA8E /* DetailsViewController */ = {
			isa = PBXGroup;
			children = (
				5A1482E424EC80FC00EBB756 /* DetailsViewController.h */,
				5A1482E524EC80FC00EBB756 /* DetailsViewController.m */,
				5A0C84E62561CA9F00165D22 /* BannerView.h */,
				5A0C84E72561CA9F00165D22 /* BannerView.m */,
				5AEA97F62554A0650037A51D /* LinkedCategories */,
			);
			path = DetailsViewController;
			sourceTree = "<group>";
		};
		5A5FB1A425057C6100EBAA8E /* PlacesViewController */ = {
			isa = PBXGroup;
			children = (
				5A1482E724EC8C2C00EBB756 /* PlacesViewController.h */,
				5A1482E824EC8C2C00EBB756 /* PlacesViewController.m */,
			);
			path = PlacesViewController;
			sourceTree = "<group>";
		};
		5A5FB1A525057C6C00EBAA8E /* BookmarksViewController */ = {
			isa = PBXGroup;
			children = (
				5A14829124E8103400EBB756 /* BookmarksViewController.h */,
				5A14829224E8103400EBB756 /* BookmarksViewController.m */,
				5A1482F024EF005300EBB756 /* BookmarkCell.h */,
				5A1482F124EF005300EBB756 /* BookmarkCell.m */,
			);
			path = BookmarksViewController;
			sourceTree = "<group>";
		};
		5AA75C02250425A400AE7331 /* DetailsModel */ = {
			isa = PBXGroup;
			children = (
				5AA75C0525042AF500AE7331 /* DetailsModel.h */,
				5AA75C002504258300AE7331 /* DetailsModel.m */,
				5AA75C03250427FE00AE7331 /* DetailsObservable.h */,
				5AA75C042504280E00AE7331 /* DetailsObserver.h */,
			);
			path = DetailsModel;
			sourceTree = "<group>";
		};
		5AEA97F62554A0650037A51D /* LinkedCategories */ = {
			isa = PBXGroup;
			children = (
				5AEA97F72554A1FD0037A51D /* LinkedCategoriesView.h */,
				5AEA97F82554A1FD0037A51D /* LinkedCategoriesView.m */,
				5AEA98172556CD450037A51D /* CategoryLinkCell */,
			);
			path = LinkedCategories;
			sourceTree = "<group>";
		};
		5AEA98002556A8750037A51D /* CoreDataService */ = {
			isa = PBXGroup;
			children = (
				5AA75C062505196D00AE7331 /* CoreDataService.h */,
				5AA75C072505196D00AE7331 /* CoreDataService.m */,
			);
			path = CoreDataService;
			sourceTree = "<group>";
		};
		5AEA98012556A8900037A51D /* ApiService */ = {
			isa = PBXGroup;
			children = (
				5A324B7F24F70B490044A671 /* ApiService.h */,
				5A324B8024F70B490044A671 /* ApiService.m */,
				5AEA98022556A8AC0037A51D /* ApiServiceDataMapper.h */,
				5AEA98032556A8AC0037A51D /* ApiServiceDataMapper.m */,
			);
			path = ApiService;
			sourceTree = "<group>";
		};
		5AEA98172556CD450037A51D /* CategoryLinkCell */ = {
			isa = PBXGroup;
			children = (
				5AEA98112556CD3F0037A51D /* CategoryLinkCell.h */,
				5AEA98122556CD3F0037A51D /* CategoryLinkCell.m */,
			);
			path = CategoryLinkCell;
			sourceTree = "<group>";
		};
		72F07A37AC1DE1BCFA8BD0F1 /* Pods */ = {
			isa = PBXGroup;
			children = (
				72EA408C6B7F3196733739F5 /* Pods-GreenTravel.debug.xcconfig */,
				9FA60514F55171E41A0702C0 /* Pods-GreenTravel.release.xcconfig */,
			);
			path = Pods;
			sourceTree = "<group>";
		};
		8B80FB97708A092B6E0D7523 /* Frameworks */ = {
			isa = PBXGroup;
			children = (
				91293A664C685F8723F00C87 /* Pods_GreenTravel.framework */,
			);
			name = Frameworks;
			sourceTree = "<group>";
		};
/* End PBXGroup section */

/* Begin PBXNativeTarget section */
		5A14824424E7ED9000EBB756 /* GreenTravel */ = {
			isa = PBXNativeTarget;
			buildConfigurationList = 5A14827724E7ED9400EBB756 /* Build configuration list for PBXNativeTarget "GreenTravel" */;
			buildPhases = (
				81A3BA4C70CAF422138D64F4 /* [CP] Check Pods Manifest.lock */,
				5A14824124E7ED9000EBB756 /* Sources */,
				5A14824224E7ED9000EBB756 /* Frameworks */,
				5A14824324E7ED9000EBB756 /* Resources */,
				FBE9B7EF3C7B8A19EF9D6659 /* [CP] Embed Pods Frameworks */,
			);
			buildRules = (
			);
			dependencies = (
			);
			name = GreenTravel;
			productName = GreenTravel;
			productReference = 5A14824524E7ED9100EBB756 /* GreenTravel.app */;
			productType = "com.apple.product-type.application";
		};
		5A14826224E7ED9400EBB756 /* GreenTravelTests */ = {
			isa = PBXNativeTarget;
			buildConfigurationList = 5A14827A24E7ED9400EBB756 /* Build configuration list for PBXNativeTarget "GreenTravelTests" */;
			buildPhases = (
				5A14825F24E7ED9400EBB756 /* Sources */,
				5A14826024E7ED9400EBB756 /* Frameworks */,
				5A14826124E7ED9400EBB756 /* Resources */,
			);
			buildRules = (
			);
			dependencies = (
				5A14826524E7ED9400EBB756 /* PBXTargetDependency */,
			);
			name = GreenTravelTests;
			productName = GreenTravelTests;
			productReference = 5A14826324E7ED9400EBB756 /* GreenTravelTests.xctest */;
			productType = "com.apple.product-type.bundle.unit-test";
		};
		5A14826D24E7ED9400EBB756 /* GreenTravelUITests */ = {
			isa = PBXNativeTarget;
			buildConfigurationList = 5A14827D24E7ED9400EBB756 /* Build configuration list for PBXNativeTarget "GreenTravelUITests" */;
			buildPhases = (
				5A14826A24E7ED9400EBB756 /* Sources */,
				5A14826B24E7ED9400EBB756 /* Frameworks */,
				5A14826C24E7ED9400EBB756 /* Resources */,
			);
			buildRules = (
			);
			dependencies = (
				5A14827024E7ED9400EBB756 /* PBXTargetDependency */,
			);
			name = GreenTravelUITests;
			productName = GreenTravelUITests;
			productReference = 5A14826E24E7ED9400EBB756 /* GreenTravelUITests.xctest */;
			productType = "com.apple.product-type.bundle.ui-testing";
		};
/* End PBXNativeTarget section */

/* Begin PBXProject section */
		5A14823D24E7ED9000EBB756 /* Project object */ = {
			isa = PBXProject;
			attributes = {
				LastUpgradeCheck = 1160;
				ORGANIZATIONNAME = "Alex K";
				TargetAttributes = {
					5A14824424E7ED9000EBB756 = {
						CreatedOnToolsVersion = 11.6;
					};
					5A14826224E7ED9400EBB756 = {
						CreatedOnToolsVersion = 11.6;
						TestTargetID = 5A14824424E7ED9000EBB756;
					};
					5A14826D24E7ED9400EBB756 = {
						CreatedOnToolsVersion = 11.6;
						TestTargetID = 5A14824424E7ED9000EBB756;
					};
				};
			};
			buildConfigurationList = 5A14824024E7ED9000EBB756 /* Build configuration list for PBXProject "GreenTravel" */;
			compatibilityVersion = "Xcode 9.3";
			developmentRegion = en;
			hasScannedForEncodings = 0;
			knownRegions = (
				en,
				Base,
			);
			mainGroup = 5A14823C24E7ED9000EBB756;
			productRefGroup = 5A14824624E7ED9100EBB756 /* Products */;
			projectDirPath = "";
			projectRoot = "";
			targets = (
				5A14824424E7ED9000EBB756 /* GreenTravel */,
				5A14826224E7ED9400EBB756 /* GreenTravelTests */,
				5A14826D24E7ED9400EBB756 /* GreenTravelUITests */,
			);
		};
/* End PBXProject section */

/* Begin PBXResourcesBuildPhase section */
		5A14824324E7ED9000EBB756 /* Resources */ = {
			isa = PBXResourcesBuildPhase;
			buildActionMask = 2147483647;
			files = (
				5A1482C124E9DD9000EBB756 /* Montserrat-Bold.ttf in Resources */,
				5A1482DA24EC617F00EBB756 /* OpenSans-Italic.ttf in Resources */,
				5A1482D924EC617F00EBB756 /* OpenSans-ExtraBoldItalic.ttf in Resources */,
				5A1482C024E9DD9000EBB756 /* Montserrat-ExtraBoldItalic.ttf in Resources */,
				5A1482C624E9DD9000EBB756 /* Montserrat-ExtraLightItalic.ttf in Resources */,
				5A1482BE24E9DD9000EBB756 /* Montserrat-Light.ttf in Resources */,
				5A1482BD24E9DD9000EBB756 /* Montserrat-SemiBoldItalic.ttf in Resources */,
				5A14825B24E7ED9400EBB756 /* LaunchScreen.storyboard in Resources */,
				5A1482E224EC617F00EBB756 /* OpenSans-Bold.ttf in Resources */,
				5A1482C924E9DD9000EBB756 /* Montserrat-SemiBold.ttf in Resources */,
				5A1482DF24EC617F00EBB756 /* OpenSans-SemiBoldItalic.ttf in Resources */,
				5A1482E024EC617F00EBB756 /* OpenSans-BoldItalic.ttf in Resources */,
				5A1482BB24E9DD9000EBB756 /* Montserrat-BlackItalic.ttf in Resources */,
				5A1482C224E9DD9000EBB756 /* Montserrat-ExtraLight.ttf in Resources */,
				5A14825824E7ED9400EBB756 /* Assets.xcassets in Resources */,
				5A1482C424E9DD9000EBB756 /* Montserrat-ExtraBold.ttf in Resources */,
				5A1482C724E9DD9000EBB756 /* Montserrat-MediumItalic.ttf in Resources */,
				5A1482C324E9DD9000EBB756 /* Montserrat-LightItalic.ttf in Resources */,
				5A1482DB24EC617F00EBB756 /* OpenSans-Light.ttf in Resources */,
				5A1482E124EC617F00EBB756 /* OpenSans-LightItalic.ttf in Resources */,
				5A1482CA24E9DD9000EBB756 /* Montserrat-BoldItalic.ttf in Resources */,
				5A1482DD24EC617F00EBB756 /* OpenSans-SemiBold.ttf in Resources */,
				5A1482CB24E9DD9000EBB756 /* Montserrat-ThinItalic.ttf in Resources */,
				5A1482C824E9DD9000EBB756 /* Montserrat-Thin.ttf in Resources */,
				5A1482BC24E9DD9000EBB756 /* Montserrat-Regular.ttf in Resources */,
				5A1482BF24E9DD9000EBB756 /* Montserrat-Medium.ttf in Resources */,
				5A1482BA24E9DD9000EBB756 /* Montserrat-Black.ttf in Resources */,
				5A1482DC24EC617F00EBB756 /* OpenSans-Regular.ttf in Resources */,
				5A1482C524E9DD9000EBB756 /* Montserrat-Italic.ttf in Resources */,
				5A1482DE24EC617F00EBB756 /* OpenSans-ExtraBold.ttf in Resources */,
			);
			runOnlyForDeploymentPostprocessing = 0;
		};
		5A14826124E7ED9400EBB756 /* Resources */ = {
			isa = PBXResourcesBuildPhase;
			buildActionMask = 2147483647;
			files = (
			);
			runOnlyForDeploymentPostprocessing = 0;
		};
		5A14826C24E7ED9400EBB756 /* Resources */ = {
			isa = PBXResourcesBuildPhase;
			buildActionMask = 2147483647;
			files = (
			);
			runOnlyForDeploymentPostprocessing = 0;
		};
/* End PBXResourcesBuildPhase section */

/* Begin PBXShellScriptBuildPhase section */
		81A3BA4C70CAF422138D64F4 /* [CP] Check Pods Manifest.lock */ = {
			isa = PBXShellScriptBuildPhase;
			buildActionMask = 2147483647;
			files = (
			);
			inputFileListPaths = (
			);
			inputPaths = (
				"${PODS_PODFILE_DIR_PATH}/Podfile.lock",
				"${PODS_ROOT}/Manifest.lock",
			);
			name = "[CP] Check Pods Manifest.lock";
			outputFileListPaths = (
			);
			outputPaths = (
				"$(DERIVED_FILE_DIR)/Pods-GreenTravel-checkManifestLockResult.txt",
			);
			runOnlyForDeploymentPostprocessing = 0;
			shellPath = /bin/sh;
			shellScript = "diff \"${PODS_PODFILE_DIR_PATH}/Podfile.lock\" \"${PODS_ROOT}/Manifest.lock\" > /dev/null\nif [ $? != 0 ] ; then\n    # print error to STDERR\n    echo \"error: The sandbox is not in sync with the Podfile.lock. Run 'pod install' or update your CocoaPods installation.\" >&2\n    exit 1\nfi\n# This output is used by Xcode 'outputs' to avoid re-running this script phase.\necho \"SUCCESS\" > \"${SCRIPT_OUTPUT_FILE_0}\"\n";
			showEnvVarsInLog = 0;
		};
		FBE9B7EF3C7B8A19EF9D6659 /* [CP] Embed Pods Frameworks */ = {
			isa = PBXShellScriptBuildPhase;
			buildActionMask = 2147483647;
			files = (
			);
			inputFileListPaths = (
				"${PODS_ROOT}/Target Support Files/Pods-GreenTravel/Pods-GreenTravel-frameworks-${CONFIGURATION}-input-files.xcfilelist",
			);
			name = "[CP] Embed Pods Frameworks";
			outputFileListPaths = (
				"${PODS_ROOT}/Target Support Files/Pods-GreenTravel/Pods-GreenTravel-frameworks-${CONFIGURATION}-output-files.xcfilelist",
			);
			runOnlyForDeploymentPostprocessing = 0;
			shellPath = /bin/sh;
			shellScript = "\"${PODS_ROOT}/Target Support Files/Pods-GreenTravel/Pods-GreenTravel-frameworks.sh\"\n";
			showEnvVarsInLog = 0;
		};
/* End PBXShellScriptBuildPhase section */

/* Begin PBXSourcesBuildPhase section */
		5A14824124E7ED9000EBB756 /* Sources */ = {
			isa = PBXSourcesBuildPhase;
			buildActionMask = 2147483647;
			files = (
				5AA75C012504258300AE7331 /* DetailsModel.m in Sources */,
				5AEA98132556CD3F0037A51D /* CategoryLinkCell.m in Sources */,
				5A324B9124FB00A60044A671 /* MapModel.m in Sources */,
				5A14829E24E9501100EBB756 /* PlacesTableViewCell.m in Sources */,
				5A0C84B92559C89600165D22 /* StoredRelatedItemUUID+CoreDataClass.m in Sources */,
				5A69921A24F7DF63008FB47E /* PathItem.m in Sources */,
				5A1482F224EF005300EBB756 /* BookmarkCell.m in Sources */,
				5A324B8A24FAB9780044A671 /* SearchModel.m in Sources */,
				5A324B9F24FEF87B0044A671 /* LocationModel.m in Sources */,
				5A14825E24E7ED9400EBB756 /* main.m in Sources */,
				5A0C84E82561CA9F00165D22 /* BannerView.m in Sources */,
				5AA75BFE2502D70900AE7331 /* MapPinView.m in Sources */,
				5A14830124F129E900EBB756 /* SearchItem.m in Sources */,
				5A14828324E7F92300EBB756 /* Colors.m in Sources */,
				5A14828D24E8101A00EBB756 /* IndexViewController.m in Sources */,
				5A2EBDA72529EE040078AF72 /* StoredCategory+CoreDataClass.m in Sources */,
				5AEA980A2556C0FE0037A51D /* CategoryUUIDToRelatedItemUUIDs.m in Sources */,
				5A324B7B24F6E3CB0044A671 /* Category.m in Sources */,
				5A14825024E7ED9100EBB756 /* ViewController.m in Sources */,
				5A324B9924FBADDF0044A671 /* BookmarkItem.m in Sources */,
				5A14829624E812BF00EBB756 /* TextUtils.m in Sources */,
				5A0C84B72559C89600165D22 /* StoredCategoryUUIDToRelatedItemUUIDs+CoreDataClass.m in Sources */,
				5AEA97F92554A1FD0037A51D /* LinkedCategoriesView.m in Sources */,
				5A0C84C52559C93A00165D22 /* StoredPlaceDetails+CoreDataProperties.m in Sources */,
				5A324B8124F70B490044A671 /* ApiService.m in Sources */,
				5A14824A24E7ED9100EBB756 /* AppDelegate.m in Sources */,
				5A69922024F7E134008FB47E /* PathDetails.m in Sources */,
				5A324B8424F860420044A671 /* ImageUtils.m in Sources */,
				5A1482A124E9527700EBB756 /* PhotoCollectionViewCell.m in Sources */,
				5A14828A24E80E3900EBB756 /* MainViewController.m in Sources */,
				5A2EBDA82529EE040078AF72 /* StoredPlaceItem+CoreDataClass.m in Sources */,
				5AEA98042556A8AC0037A51D /* ApiServiceDataMapper.m in Sources */,
				5AF2C68E253C589300B8B3BD /* StoredSearchItem+CoreDataProperties.m in Sources */,
				5A1482E624EC80FC00EBB756 /* DetailsViewController.m in Sources */,
				5A14830424F136B800EBB756 /* WeRecommendCell.m in Sources */,
				5A0C84B62559C89600165D22 /* StoredRelatedItemUUID+CoreDataProperties.m in Sources */,
				5AA75C082505196D00AE7331 /* CoreDataService.m in Sources */,
				5A324B9C24FBAEEB0044A671 /* BookmarksGroupModel.m in Sources */,
				5A1482F524F04B0B00EBB756 /* MapViewController.m in Sources */,
				5A0C84BD2559C93800165D22 /* StoredPlaceDetails+CoreDataClass.m in Sources */,
				5A1482E924EC8C2C00EBB756 /* PlacesViewController.m in Sources */,
				5A1482CE24EB091300EBB756 /* PlaceItem.m in Sources */,
				5A2EBDAA2529EE040078AF72 /* StoredPlaceItem+CoreDataProperties.m in Sources */,
				5A5FB1E12517EAB800EBAA8E /* CategoryUtils.m in Sources */,
				5A2EBDA92529EE040078AF72 /* StoredCategory+CoreDataProperties.m in Sources */,
				5A69921724F7DE51008FB47E /* IndexModel.m in Sources */,
				5A1482EC24EDC34C00EBB756 /* SizeUtils.m in Sources */,
				5A14824D24E7ED9100EBB756 /* SceneDelegate.m in Sources */,
				5A14829324E8103400EBB756 /* BookmarksViewController.m in Sources */,
				5A1482EF24EDC8E500EBB756 /* StyleUtils.m in Sources */,
				5A14830924F3083E00EBB756 /* PlacesTableViewCellConstants.m in Sources */,
				5AF2C68D253C589300B8B3BD /* StoredSearchItem+CoreDataClass.m in Sources */,
				5A1482FB24F0717300EBB756 /* SearchCell.m in Sources */,
				5A14829B24E9440C00EBB756 /* SearchViewController.m in Sources */,
				5A14825624E7ED9100EBB756 /* GreenTravel.xcdatamodeld in Sources */,
				5A69921D24F7E11F008FB47E /* PlaceDetails.m in Sources */,
				5A324B9424FB00D70044A671 /* MapItem.m in Sources */,
				5A0C84B82559C89600165D22 /* StoredCategoryUUIDToRelatedItemUUIDs+CoreDataProperties.m in Sources */,
			);
			runOnlyForDeploymentPostprocessing = 0;
		};
		5A14825F24E7ED9400EBB756 /* Sources */ = {
			isa = PBXSourcesBuildPhase;
			buildActionMask = 2147483647;
			files = (
				5A14826824E7ED9400EBB756 /* GreenTravelTests.m in Sources */,
			);
			runOnlyForDeploymentPostprocessing = 0;
		};
		5A14826A24E7ED9400EBB756 /* Sources */ = {
			isa = PBXSourcesBuildPhase;
			buildActionMask = 2147483647;
			files = (
				5A14827324E7ED9400EBB756 /* GreenTravelUITests.m in Sources */,
			);
			runOnlyForDeploymentPostprocessing = 0;
		};
/* End PBXSourcesBuildPhase section */

/* Begin PBXTargetDependency section */
		5A14826524E7ED9400EBB756 /* PBXTargetDependency */ = {
			isa = PBXTargetDependency;
			target = 5A14824424E7ED9000EBB756 /* GreenTravel */;
			targetProxy = 5A14826424E7ED9400EBB756 /* PBXContainerItemProxy */;
		};
		5A14827024E7ED9400EBB756 /* PBXTargetDependency */ = {
			isa = PBXTargetDependency;
			target = 5A14824424E7ED9000EBB756 /* GreenTravel */;
			targetProxy = 5A14826F24E7ED9400EBB756 /* PBXContainerItemProxy */;
		};
/* End PBXTargetDependency section */

/* Begin PBXVariantGroup section */
		5A14825924E7ED9400EBB756 /* LaunchScreen.storyboard */ = {
			isa = PBXVariantGroup;
			children = (
				5A14825A24E7ED9400EBB756 /* Base */,
			);
			name = LaunchScreen.storyboard;
			sourceTree = "<group>";
		};
/* End PBXVariantGroup section */

/* Begin XCBuildConfiguration section */
		5A14827524E7ED9400EBB756 /* Debug */ = {
			isa = XCBuildConfiguration;
			buildSettings = {
				ALWAYS_SEARCH_USER_PATHS = NO;
				CLANG_ANALYZER_NONNULL = YES;
				CLANG_ANALYZER_NUMBER_OBJECT_CONVERSION = YES_AGGRESSIVE;
				CLANG_CXX_LANGUAGE_STANDARD = "gnu++14";
				CLANG_CXX_LIBRARY = "libc++";
				CLANG_ENABLE_MODULES = YES;
				CLANG_ENABLE_OBJC_ARC = YES;
				CLANG_ENABLE_OBJC_WEAK = YES;
				CLANG_WARN_BLOCK_CAPTURE_AUTORELEASING = YES;
				CLANG_WARN_BOOL_CONVERSION = YES;
				CLANG_WARN_COMMA = YES;
				CLANG_WARN_CONSTANT_CONVERSION = YES;
				CLANG_WARN_DEPRECATED_OBJC_IMPLEMENTATIONS = YES;
				CLANG_WARN_DIRECT_OBJC_ISA_USAGE = YES_ERROR;
				CLANG_WARN_DOCUMENTATION_COMMENTS = YES;
				CLANG_WARN_EMPTY_BODY = YES;
				CLANG_WARN_ENUM_CONVERSION = YES;
				CLANG_WARN_INFINITE_RECURSION = YES;
				CLANG_WARN_INT_CONVERSION = YES;
				CLANG_WARN_NON_LITERAL_NULL_CONVERSION = YES;
				CLANG_WARN_OBJC_IMPLICIT_RETAIN_SELF = YES;
				CLANG_WARN_OBJC_LITERAL_CONVERSION = YES;
				CLANG_WARN_OBJC_ROOT_CLASS = YES_ERROR;
				CLANG_WARN_RANGE_LOOP_ANALYSIS = YES;
				CLANG_WARN_STRICT_PROTOTYPES = YES;
				CLANG_WARN_SUSPICIOUS_MOVE = YES;
				CLANG_WARN_UNGUARDED_AVAILABILITY = YES_AGGRESSIVE;
				CLANG_WARN_UNREACHABLE_CODE = YES;
				CLANG_WARN__DUPLICATE_METHOD_MATCH = YES;
				COPY_PHASE_STRIP = NO;
				DEBUG_INFORMATION_FORMAT = dwarf;
				ENABLE_STRICT_OBJC_MSGSEND = YES;
				ENABLE_TESTABILITY = YES;
				GCC_C_LANGUAGE_STANDARD = gnu11;
				GCC_DYNAMIC_NO_PIC = NO;
				GCC_NO_COMMON_BLOCKS = YES;
				GCC_OPTIMIZATION_LEVEL = 0;
				GCC_PREPROCESSOR_DEFINITIONS = (
					"DEBUG=1",
					"$(inherited)",
				);
				GCC_WARN_64_TO_32_BIT_CONVERSION = YES;
				GCC_WARN_ABOUT_RETURN_TYPE = YES_ERROR;
				GCC_WARN_UNDECLARED_SELECTOR = YES;
				GCC_WARN_UNINITIALIZED_AUTOS = YES_AGGRESSIVE;
				GCC_WARN_UNUSED_FUNCTION = YES;
				GCC_WARN_UNUSED_VARIABLE = YES;
				IPHONEOS_DEPLOYMENT_TARGET = 13.6;
				MTL_ENABLE_DEBUG_INFO = INCLUDE_SOURCE;
				MTL_FAST_MATH = YES;
				ONLY_ACTIVE_ARCH = YES;
				SDKROOT = iphoneos;
			};
			name = Debug;
		};
		5A14827624E7ED9400EBB756 /* Release */ = {
			isa = XCBuildConfiguration;
			buildSettings = {
				ALWAYS_SEARCH_USER_PATHS = NO;
				CLANG_ANALYZER_NONNULL = YES;
				CLANG_ANALYZER_NUMBER_OBJECT_CONVERSION = YES_AGGRESSIVE;
				CLANG_CXX_LANGUAGE_STANDARD = "gnu++14";
				CLANG_CXX_LIBRARY = "libc++";
				CLANG_ENABLE_MODULES = YES;
				CLANG_ENABLE_OBJC_ARC = YES;
				CLANG_ENABLE_OBJC_WEAK = YES;
				CLANG_WARN_BLOCK_CAPTURE_AUTORELEASING = YES;
				CLANG_WARN_BOOL_CONVERSION = YES;
				CLANG_WARN_COMMA = YES;
				CLANG_WARN_CONSTANT_CONVERSION = YES;
				CLANG_WARN_DEPRECATED_OBJC_IMPLEMENTATIONS = YES;
				CLANG_WARN_DIRECT_OBJC_ISA_USAGE = YES_ERROR;
				CLANG_WARN_DOCUMENTATION_COMMENTS = YES;
				CLANG_WARN_EMPTY_BODY = YES;
				CLANG_WARN_ENUM_CONVERSION = YES;
				CLANG_WARN_INFINITE_RECURSION = YES;
				CLANG_WARN_INT_CONVERSION = YES;
				CLANG_WARN_NON_LITERAL_NULL_CONVERSION = YES;
				CLANG_WARN_OBJC_IMPLICIT_RETAIN_SELF = YES;
				CLANG_WARN_OBJC_LITERAL_CONVERSION = YES;
				CLANG_WARN_OBJC_ROOT_CLASS = YES_ERROR;
				CLANG_WARN_RANGE_LOOP_ANALYSIS = YES;
				CLANG_WARN_STRICT_PROTOTYPES = YES;
				CLANG_WARN_SUSPICIOUS_MOVE = YES;
				CLANG_WARN_UNGUARDED_AVAILABILITY = YES_AGGRESSIVE;
				CLANG_WARN_UNREACHABLE_CODE = YES;
				CLANG_WARN__DUPLICATE_METHOD_MATCH = YES;
				COPY_PHASE_STRIP = NO;
				DEBUG_INFORMATION_FORMAT = "dwarf-with-dsym";
				ENABLE_NS_ASSERTIONS = NO;
				ENABLE_STRICT_OBJC_MSGSEND = YES;
				GCC_C_LANGUAGE_STANDARD = gnu11;
				GCC_NO_COMMON_BLOCKS = YES;
				GCC_WARN_64_TO_32_BIT_CONVERSION = YES;
				GCC_WARN_ABOUT_RETURN_TYPE = YES_ERROR;
				GCC_WARN_UNDECLARED_SELECTOR = YES;
				GCC_WARN_UNINITIALIZED_AUTOS = YES_AGGRESSIVE;
				GCC_WARN_UNUSED_FUNCTION = YES;
				GCC_WARN_UNUSED_VARIABLE = YES;
				IPHONEOS_DEPLOYMENT_TARGET = 13.6;
				MTL_ENABLE_DEBUG_INFO = NO;
				MTL_FAST_MATH = YES;
				SDKROOT = iphoneos;
				VALIDATE_PRODUCT = YES;
			};
			name = Release;
		};
		5A14827824E7ED9400EBB756 /* Debug */ = {
			isa = XCBuildConfiguration;
			baseConfigurationReference = 72EA408C6B7F3196733739F5 /* Pods-GreenTravel.debug.xcconfig */;
			buildSettings = {
				ASSETCATALOG_COMPILER_APPICON_NAME = AppIcon;
				CODE_SIGN_STYLE = Automatic;
				DEVELOPMENT_TEAM = NWSTPFC433;
				INFOPLIST_FILE = GreenTravel/Info.plist;
				IPHONEOS_DEPLOYMENT_TARGET = 11.0;
				LD_RUNPATH_SEARCH_PATHS = (
					"$(inherited)",
					"@executable_path/Frameworks",
				);
				PRODUCT_BUNDLE_IDENTIFIER = by.gov.nasb.GreenTravel;
				PRODUCT_NAME = "$(TARGET_NAME)";
				TARGETED_DEVICE_FAMILY = "1,2";
			};
			name = Debug;
		};
		5A14827924E7ED9400EBB756 /* Release */ = {
			isa = XCBuildConfiguration;
			baseConfigurationReference = 9FA60514F55171E41A0702C0 /* Pods-GreenTravel.release.xcconfig */;
			buildSettings = {
				ASSETCATALOG_COMPILER_APPICON_NAME = AppIcon;
				CODE_SIGN_STYLE = Automatic;
				DEVELOPMENT_TEAM = NWSTPFC433;
				INFOPLIST_FILE = GreenTravel/Info.plist;
				IPHONEOS_DEPLOYMENT_TARGET = 11.0;
				LD_RUNPATH_SEARCH_PATHS = (
					"$(inherited)",
					"@executable_path/Frameworks",
				);
				PRODUCT_BUNDLE_IDENTIFIER = by.gov.nasb.GreenTravel;
				PRODUCT_NAME = "$(TARGET_NAME)";
				TARGETED_DEVICE_FAMILY = "1,2";
			};
			name = Release;
		};
		5A14827B24E7ED9400EBB756 /* Debug */ = {
			isa = XCBuildConfiguration;
			buildSettings = {
				BUNDLE_LOADER = "$(TEST_HOST)";
				CODE_SIGN_STYLE = Automatic;
				DEVELOPMENT_TEAM = NWSTPFC433;
				INFOPLIST_FILE = GreenTravelTests/Info.plist;
				IPHONEOS_DEPLOYMENT_TARGET = 13.6;
				LD_RUNPATH_SEARCH_PATHS = (
					"$(inherited)",
					"@executable_path/Frameworks",
					"@loader_path/Frameworks",
				);
				PRODUCT_BUNDLE_IDENTIFIER = by.gov.nasb.GreenTravelTests;
				PRODUCT_NAME = "$(TARGET_NAME)";
				TARGETED_DEVICE_FAMILY = "1,2";
				TEST_HOST = "$(BUILT_PRODUCTS_DIR)/GreenTravel.app/GreenTravel";
			};
			name = Debug;
		};
		5A14827C24E7ED9400EBB756 /* Release */ = {
			isa = XCBuildConfiguration;
			buildSettings = {
				BUNDLE_LOADER = "$(TEST_HOST)";
				CODE_SIGN_STYLE = Automatic;
				DEVELOPMENT_TEAM = NWSTPFC433;
				INFOPLIST_FILE = GreenTravelTests/Info.plist;
				IPHONEOS_DEPLOYMENT_TARGET = 13.6;
				LD_RUNPATH_SEARCH_PATHS = (
					"$(inherited)",
					"@executable_path/Frameworks",
					"@loader_path/Frameworks",
				);
				PRODUCT_BUNDLE_IDENTIFIER = by.gov.nasb.GreenTravelTests;
				PRODUCT_NAME = "$(TARGET_NAME)";
				TARGETED_DEVICE_FAMILY = "1,2";
				TEST_HOST = "$(BUILT_PRODUCTS_DIR)/GreenTravel.app/GreenTravel";
			};
			name = Release;
		};
		5A14827E24E7ED9400EBB756 /* Debug */ = {
			isa = XCBuildConfiguration;
			buildSettings = {
				CODE_SIGN_STYLE = Automatic;
				DEVELOPMENT_TEAM = NWSTPFC433;
				INFOPLIST_FILE = GreenTravelUITests/Info.plist;
				LD_RUNPATH_SEARCH_PATHS = (
					"$(inherited)",
					"@executable_path/Frameworks",
					"@loader_path/Frameworks",
				);
				PRODUCT_BUNDLE_IDENTIFIER = by.gov.nasb.GreenTravelUITests;
				PRODUCT_NAME = "$(TARGET_NAME)";
				TARGETED_DEVICE_FAMILY = "1,2";
				TEST_TARGET_NAME = GreenTravel;
			};
			name = Debug;
		};
		5A14827F24E7ED9400EBB756 /* Release */ = {
			isa = XCBuildConfiguration;
			buildSettings = {
				CODE_SIGN_STYLE = Automatic;
				DEVELOPMENT_TEAM = NWSTPFC433;
				INFOPLIST_FILE = GreenTravelUITests/Info.plist;
				LD_RUNPATH_SEARCH_PATHS = (
					"$(inherited)",
					"@executable_path/Frameworks",
					"@loader_path/Frameworks",
				);
				PRODUCT_BUNDLE_IDENTIFIER = by.gov.nasb.GreenTravelUITests;
				PRODUCT_NAME = "$(TARGET_NAME)";
				TARGETED_DEVICE_FAMILY = "1,2";
				TEST_TARGET_NAME = GreenTravel;
			};
			name = Release;
		};
/* End XCBuildConfiguration section */

/* Begin XCConfigurationList section */
		5A14824024E7ED9000EBB756 /* Build configuration list for PBXProject "GreenTravel" */ = {
			isa = XCConfigurationList;
			buildConfigurations = (
				5A14827524E7ED9400EBB756 /* Debug */,
				5A14827624E7ED9400EBB756 /* Release */,
			);
			defaultConfigurationIsVisible = 0;
			defaultConfigurationName = Release;
		};
		5A14827724E7ED9400EBB756 /* Build configuration list for PBXNativeTarget "GreenTravel" */ = {
			isa = XCConfigurationList;
			buildConfigurations = (
				5A14827824E7ED9400EBB756 /* Debug */,
				5A14827924E7ED9400EBB756 /* Release */,
			);
			defaultConfigurationIsVisible = 0;
			defaultConfigurationName = Release;
		};
		5A14827A24E7ED9400EBB756 /* Build configuration list for PBXNativeTarget "GreenTravelTests" */ = {
			isa = XCConfigurationList;
			buildConfigurations = (
				5A14827B24E7ED9400EBB756 /* Debug */,
				5A14827C24E7ED9400EBB756 /* Release */,
			);
			defaultConfigurationIsVisible = 0;
			defaultConfigurationName = Release;
		};
		5A14827D24E7ED9400EBB756 /* Build configuration list for PBXNativeTarget "GreenTravelUITests" */ = {
			isa = XCConfigurationList;
			buildConfigurations = (
				5A14827E24E7ED9400EBB756 /* Debug */,
				5A14827F24E7ED9400EBB756 /* Release */,
			);
			defaultConfigurationIsVisible = 0;
			defaultConfigurationName = Release;
		};
/* End XCConfigurationList section */

/* Begin XCVersionGroup section */
		5A14825424E7ED9100EBB756 /* GreenTravel.xcdatamodeld */ = {
			isa = XCVersionGroup;
			children = (
				5A14825524E7ED9100EBB756 /* GreenTravel.xcdatamodel */,
			);
			currentVersion = 5A14825524E7ED9100EBB756 /* GreenTravel.xcdatamodel */;
			path = GreenTravel.xcdatamodeld;
			sourceTree = "<group>";
			versionGroupType = wrapper.xcdatamodel;
		};
/* End XCVersionGroup section */
	};
	rootObject = 5A14823D24E7ED9000EBB756 /* Project object */;
}
